// !$*UTF8*$!
{
	archiveVersion = 1;
	classes = {
	};
	objectVersion = 46;
	objects = {

/* Begin PBXBuildFile section */
		B76DFCEC194342E300D237D8 /* AmbOcclusionA.1 in CopyFiles */ = {isa = PBXBuildFile; fileRef = B76DFCEB194342E300D237D8 /* AmbOcclusionA.1 */; };
		B76DFCF01943432C00D237D8 /* Cocoa.framework in Frameworks */ = {isa = PBXBuildFile; fileRef = B7CA958919074571007FDC87 /* Cocoa.framework */; };
		B76DFCF11943433100D237D8 /* OpenGL.framework in Frameworks */ = {isa = PBXBuildFile; fileRef = B7CA958B19074575007FDC87 /* OpenGL.framework */; };
		B76DFCF31943445C00D237D8 /* IOKit.framework in Frameworks */ = {isa = PBXBuildFile; fileRef = B7CA958D19074579007FDC87 /* IOKit.framework */; };
		B76DFCF41943446300D237D8 /* GLUT.framework in Frameworks */ = {isa = PBXBuildFile; fileRef = B7FBA6531934EC4600E018F1 /* GLUT.framework */; };
		B78FA52B19434578004AF7D5 /* helper.cpp in Sources */ = {isa = PBXBuildFile; fileRef = B78FA52419434578004AF7D5 /* helper.cpp */; };
		B78FA52C19434578004AF7D5 /* main.cpp in Sources */ = {isa = PBXBuildFile; fileRef = B78FA52619434578004AF7D5 /* main.cpp */; };
		B78FA52D19434578004AF7D5 /* shaderFunctions.cpp in Sources */ = {isa = PBXBuildFile; fileRef = B78FA52719434578004AF7D5 /* shaderFunctions.cpp */; };
		B78FA52E19434578004AF7D5 /* textfile.cpp in Sources */ = {isa = PBXBuildFile; fileRef = B78FA52919434578004AF7D5 /* textfile.cpp */; };
		B78FA53619434C60004AF7D5 /* main.cpp in Sources */ = {isa = PBXBuildFile; fileRef = B78FA53519434C60004AF7D5 /* main.cpp */; };
		B78FA53819434C60004AF7D5 /* AmbientOcclusion.1 in CopyFiles */ = {isa = PBXBuildFile; fileRef = B78FA53719434C60004AF7D5 /* AmbientOcclusion.1 */; };
		B78FA53C19434C6B004AF7D5 /* IOKit.framework in Frameworks */ = {isa = PBXBuildFile; fileRef = B7CA958D19074579007FDC87 /* IOKit.framework */; };
		B78FA53D19434C6F004AF7D5 /* OpenGL.framework in Frameworks */ = {isa = PBXBuildFile; fileRef = B7CA958B19074575007FDC87 /* OpenGL.framework */; };
		B78FA53E19434C73004AF7D5 /* Cocoa.framework in Frameworks */ = {isa = PBXBuildFile; fileRef = B7CA958919074571007FDC87 /* Cocoa.framework */; };
		B78FA54619435ABF004AF7D5 /* main.cpp in Sources */ = {isa = PBXBuildFile; fileRef = B78FA54519435ABF004AF7D5 /* main.cpp */; };
		B78FA54819435ABF004AF7D5 /* ShadowMap.1 in CopyFiles */ = {isa = PBXBuildFile; fileRef = B78FA54719435ABF004AF7D5 /* ShadowMap.1 */; };
		B78FA54C19435ADF004AF7D5 /* IOKit.framework in Frameworks */ = {isa = PBXBuildFile; fileRef = B7CA958D19074579007FDC87 /* IOKit.framework */; };
		B78FA54D19435AE2004AF7D5 /* OpenGL.framework in Frameworks */ = {isa = PBXBuildFile; fileRef = B7CA958B19074575007FDC87 /* OpenGL.framework */; };
		B78FA54E19435AE5004AF7D5 /* Cocoa.framework in Frameworks */ = {isa = PBXBuildFile; fileRef = B7CA958919074571007FDC87 /* Cocoa.framework */; };
		B7CA957F190743FC007FDC87 /* main.cpp in Sources */ = {isa = PBXBuildFile; fileRef = B7CA957E190743FC007FDC87 /* main.cpp */; };
		B7CA9581190743FC007FDC87 /* Rendering2.1 in CopyFiles */ = {isa = PBXBuildFile; fileRef = B7CA9580190743FC007FDC87 /* Rendering2.1 */; };
		B7CA958A19074571007FDC87 /* Cocoa.framework in Frameworks */ = {isa = PBXBuildFile; fileRef = B7CA958919074571007FDC87 /* Cocoa.framework */; };
		B7CA958C19074575007FDC87 /* OpenGL.framework in Frameworks */ = {isa = PBXBuildFile; fileRef = B7CA958B19074575007FDC87 /* OpenGL.framework */; };
		B7CA958E19074579007FDC87 /* IOKit.framework in Frameworks */ = {isa = PBXBuildFile; fileRef = B7CA958D19074579007FDC87 /* IOKit.framework */; };
		B7ED2C24193C1334001BCF5B /* Camera.cpp in Sources */ = {isa = PBXBuildFile; fileRef = B7ED2C23193C1334001BCF5B /* Camera.cpp */; };
		B7ED2C25193C1361001BCF5B /* Camera.hpp in Sources */ = {isa = PBXBuildFile; fileRef = B7ED2C22193C1289001BCF5B /* Camera.hpp */; };
		B7ED2C26193C1361001BCF5B /* Camera.cpp in Sources */ = {isa = PBXBuildFile; fileRef = B7ED2C23193C1334001BCF5B /* Camera.cpp */; };
		B7FBA62C1934E28800E018F1 /* main.cpp in Sources */ = {isa = PBXBuildFile; fileRef = B7FBA62B1934E28800E018F1 /* main.cpp */; };
		B7FBA62E1934E28800E018F1 /* Trabalho2.1 in CopyFiles */ = {isa = PBXBuildFile; fileRef = B7FBA62D1934E28800E018F1 /* Trabalho2.1 */; };
		B7FBA6321934E2B800E018F1 /* IOKit.framework in Frameworks */ = {isa = PBXBuildFile; fileRef = B7CA958D19074579007FDC87 /* IOKit.framework */; };
		B7FBA6331934E2BC00E018F1 /* OpenGL.framework in Frameworks */ = {isa = PBXBuildFile; fileRef = B7CA958B19074575007FDC87 /* OpenGL.framework */; };
		B7FBA6341934E2BF00E018F1 /* Cocoa.framework in Frameworks */ = {isa = PBXBuildFile; fileRef = B7CA958919074571007FDC87 /* Cocoa.framework */; };
		B7FBA63C1934E7AC00E018F1 /* main.cpp in Sources */ = {isa = PBXBuildFile; fileRef = B7FBA63B1934E7AC00E018F1 /* main.cpp */; };
		B7FBA63E1934E7AC00E018F1 /* Raytracing.1 in CopyFiles */ = {isa = PBXBuildFile; fileRef = B7FBA63D1934E7AC00E018F1 /* Raytracing.1 */; };
		B7FBA6421934E7B400E018F1 /* IOKit.framework in Frameworks */ = {isa = PBXBuildFile; fileRef = B7CA958D19074579007FDC87 /* IOKit.framework */; };
		B7FBA6431934E7B600E018F1 /* OpenGL.framework in Frameworks */ = {isa = PBXBuildFile; fileRef = B7CA958B19074575007FDC87 /* OpenGL.framework */; };
		B7FBA6441934E7B900E018F1 /* Cocoa.framework in Frameworks */ = {isa = PBXBuildFile; fileRef = B7CA958919074571007FDC87 /* Cocoa.framework */; };
		B7FBA64C1934EBEA00E018F1 /* main.cpp in Sources */ = {isa = PBXBuildFile; fileRef = B7FBA64B1934EBEA00E018F1 /* main.cpp */; };
		B7FBA64E1934EBEA00E018F1 /* Trabalho1.1 in CopyFiles */ = {isa = PBXBuildFile; fileRef = B7FBA64D1934EBEA00E018F1 /* Trabalho1.1 */; };
		B7FBA6521934EBF600E018F1 /* OpenGL.framework in Frameworks */ = {isa = PBXBuildFile; fileRef = B7CA958B19074575007FDC87 /* OpenGL.framework */; };
		B7FBA6541934EC4600E018F1 /* GLUT.framework in Frameworks */ = {isa = PBXBuildFile; fileRef = B7FBA6531934EC4600E018F1 /* GLUT.framework */; };
		B7FBA6551934ECC000E018F1 /* GLUT.framework in Frameworks */ = {isa = PBXBuildFile; fileRef = B7FBA6531934EC4600E018F1 /* GLUT.framework */; };
/* End PBXBuildFile section */

/* Begin PBXCopyFilesBuildPhase section */
		B76DFCE5194342E300D237D8 /* CopyFiles */ = {
			isa = PBXCopyFilesBuildPhase;
			buildActionMask = 2147483647;
			dstPath = /usr/share/man/man1/;
			dstSubfolderSpec = 0;
			files = (
				B76DFCEC194342E300D237D8 /* AmbOcclusionA.1 in CopyFiles */,
			);
			runOnlyForDeploymentPostprocessing = 1;
		};
		B78FA53119434C60004AF7D5 /* CopyFiles */ = {
			isa = PBXCopyFilesBuildPhase;
			buildActionMask = 2147483647;
			dstPath = /usr/share/man/man1/;
			dstSubfolderSpec = 0;
			files = (
				B78FA53819434C60004AF7D5 /* AmbientOcclusion.1 in CopyFiles */,
			);
			runOnlyForDeploymentPostprocessing = 1;
		};
		B78FA54119435ABF004AF7D5 /* CopyFiles */ = {
			isa = PBXCopyFilesBuildPhase;
			buildActionMask = 2147483647;
			dstPath = /usr/share/man/man1/;
			dstSubfolderSpec = 0;
			files = (
				B78FA54819435ABF004AF7D5 /* ShadowMap.1 in CopyFiles */,
			);
			runOnlyForDeploymentPostprocessing = 1;
		};
		B7CA9579190743FC007FDC87 /* CopyFiles */ = {
			isa = PBXCopyFilesBuildPhase;
			buildActionMask = 2147483647;
			dstPath = /usr/share/man/man1/;
			dstSubfolderSpec = 0;
			files = (
				B7CA9581190743FC007FDC87 /* Rendering2.1 in CopyFiles */,
			);
			runOnlyForDeploymentPostprocessing = 1;
		};
		B7FBA6271934E28700E018F1 /* CopyFiles */ = {
			isa = PBXCopyFilesBuildPhase;
			buildActionMask = 2147483647;
			dstPath = /usr/share/man/man1/;
			dstSubfolderSpec = 0;
			files = (
				B7FBA62E1934E28800E018F1 /* Trabalho2.1 in CopyFiles */,
			);
			runOnlyForDeploymentPostprocessing = 1;
		};
		B7FBA6371934E7AC00E018F1 /* CopyFiles */ = {
			isa = PBXCopyFilesBuildPhase;
			buildActionMask = 2147483647;
			dstPath = /usr/share/man/man1/;
			dstSubfolderSpec = 0;
			files = (
				B7FBA63E1934E7AC00E018F1 /* Raytracing.1 in CopyFiles */,
			);
			runOnlyForDeploymentPostprocessing = 1;
		};
		B7FBA6471934EBEA00E018F1 /* CopyFiles */ = {
			isa = PBXCopyFilesBuildPhase;
			buildActionMask = 2147483647;
			dstPath = /usr/share/man/man1/;
			dstSubfolderSpec = 0;
			files = (
				B7FBA64E1934EBEA00E018F1 /* Trabalho1.1 in CopyFiles */,
			);
			runOnlyForDeploymentPostprocessing = 1;
		};
/* End PBXCopyFilesBuildPhase section */

/* Begin PBXFileReference section */
		B76DFCE7194342E300D237D8 /* AmbOcclusionA */ = {isa = PBXFileReference; explicitFileType = "compiled.mach-o.executable"; includeInIndex = 0; path = AmbOcclusionA; sourceTree = BUILT_PRODUCTS_DIR; };
		B76DFCEB194342E300D237D8 /* AmbOcclusionA.1 */ = {isa = PBXFileReference; lastKnownFileType = text.man; path = AmbOcclusionA.1; sourceTree = "<group>"; };
		B78FA52419434578004AF7D5 /* helper.cpp */ = {isa = PBXFileReference; fileEncoding = 4; lastKnownFileType = sourcecode.cpp.cpp; path = helper.cpp; sourceTree = "<group>"; };
		B78FA52519434578004AF7D5 /* helper.hpp */ = {isa = PBXFileReference; fileEncoding = 4; lastKnownFileType = sourcecode.cpp.h; path = helper.hpp; sourceTree = "<group>"; };
		B78FA52619434578004AF7D5 /* main.cpp */ = {isa = PBXFileReference; fileEncoding = 4; lastKnownFileType = sourcecode.cpp.cpp; path = main.cpp; sourceTree = "<group>"; };
		B78FA52719434578004AF7D5 /* shaderFunctions.cpp */ = {isa = PBXFileReference; fileEncoding = 4; lastKnownFileType = sourcecode.cpp.cpp; path = shaderFunctions.cpp; sourceTree = "<group>"; };
		B78FA52819434578004AF7D5 /* shaderFunctions.hpp */ = {isa = PBXFileReference; fileEncoding = 4; lastKnownFileType = sourcecode.cpp.h; path = shaderFunctions.hpp; sourceTree = "<group>"; };
		B78FA52919434578004AF7D5 /* textfile.cpp */ = {isa = PBXFileReference; fileEncoding = 4; lastKnownFileType = sourcecode.cpp.cpp; path = textfile.cpp; sourceTree = "<group>"; };
		B78FA52A19434578004AF7D5 /* textfile.h */ = {isa = PBXFileReference; fileEncoding = 4; lastKnownFileType = sourcecode.c.h; path = textfile.h; sourceTree = "<group>"; };
		B78FA53319434C60004AF7D5 /* AmbientOcclusion */ = {isa = PBXFileReference; explicitFileType = "compiled.mach-o.executable"; includeInIndex = 0; path = AmbientOcclusion; sourceTree = BUILT_PRODUCTS_DIR; };
		B78FA53519434C60004AF7D5 /* main.cpp */ = {isa = PBXFileReference; lastKnownFileType = sourcecode.cpp.cpp; path = main.cpp; sourceTree = "<group>"; };
		B78FA53719434C60004AF7D5 /* AmbientOcclusion.1 */ = {isa = PBXFileReference; lastKnownFileType = text.man; path = AmbientOcclusion.1; sourceTree = "<group>"; };
		B78FA54319435ABF004AF7D5 /* ShadowMap */ = {isa = PBXFileReference; explicitFileType = "compiled.mach-o.executable"; includeInIndex = 0; path = ShadowMap; sourceTree = BUILT_PRODUCTS_DIR; };
		B78FA54519435ABF004AF7D5 /* main.cpp */ = {isa = PBXFileReference; lastKnownFileType = sourcecode.cpp.cpp; path = main.cpp; sourceTree = "<group>"; };
		B78FA54719435ABF004AF7D5 /* ShadowMap.1 */ = {isa = PBXFileReference; lastKnownFileType = text.man; path = ShadowMap.1; sourceTree = "<group>"; };
		B78FA54F19437988004AF7D5 /* myutils.h */ = {isa = PBXFileReference; lastKnownFileType = sourcecode.c.h; path = myutils.h; sourceTree = "<group>"; };
		B7CA957B190743FC007FDC87 /* Rendering2 */ = {isa = PBXFileReference; explicitFileType = "compiled.mach-o.executable"; includeInIndex = 0; path = Rendering2; sourceTree = BUILT_PRODUCTS_DIR; };
		B7CA957E190743FC007FDC87 /* main.cpp */ = {isa = PBXFileReference; lastKnownFileType = sourcecode.cpp.cpp; path = main.cpp; sourceTree = "<group>"; };
		B7CA9580190743FC007FDC87 /* Rendering2.1 */ = {isa = PBXFileReference; lastKnownFileType = text.man; path = Rendering2.1; sourceTree = "<group>"; };
		B7CA958919074571007FDC87 /* Cocoa.framework */ = {isa = PBXFileReference; lastKnownFileType = wrapper.framework; name = Cocoa.framework; path = System/Library/Frameworks/Cocoa.framework; sourceTree = SDKROOT; };
		B7CA958B19074575007FDC87 /* OpenGL.framework */ = {isa = PBXFileReference; lastKnownFileType = wrapper.framework; name = OpenGL.framework; path = System/Library/Frameworks/OpenGL.framework; sourceTree = SDKROOT; };
		B7CA958D19074579007FDC87 /* IOKit.framework */ = {isa = PBXFileReference; lastKnownFileType = wrapper.framework; name = IOKit.framework; path = System/Library/Frameworks/IOKit.framework; sourceTree = SDKROOT; };
		B7CA959019076516007FDC87 /* third_party */ = {isa = PBXFileReference; lastKnownFileType = folder; path = third_party; sourceTree = "<group>"; };
		B7ED2C22193C1289001BCF5B /* Camera.hpp */ = {isa = PBXFileReference; lastKnownFileType = sourcecode.cpp.h; path = Camera.hpp; sourceTree = "<group>"; };
		B7ED2C23193C1334001BCF5B /* Camera.cpp */ = {isa = PBXFileReference; fileEncoding = 4; lastKnownFileType = sourcecode.cpp.cpp; path = Camera.cpp; sourceTree = "<group>"; };
		B7FBA6291934E28700E018F1 /* Trabalho2 */ = {isa = PBXFileReference; explicitFileType = "compiled.mach-o.executable"; includeInIndex = 0; path = Trabalho2; sourceTree = BUILT_PRODUCTS_DIR; };
		B7FBA62B1934E28800E018F1 /* main.cpp */ = {isa = PBXFileReference; lastKnownFileType = sourcecode.cpp.cpp; path = main.cpp; sourceTree = "<group>"; };
		B7FBA62D1934E28800E018F1 /* Trabalho2.1 */ = {isa = PBXFileReference; lastKnownFileType = text.man; path = Trabalho2.1; sourceTree = "<group>"; };
		B7FBA6391934E7AC00E018F1 /* Raytracing */ = {isa = PBXFileReference; explicitFileType = "compiled.mach-o.executable"; includeInIndex = 0; path = Raytracing; sourceTree = BUILT_PRODUCTS_DIR; };
		B7FBA63B1934E7AC00E018F1 /* main.cpp */ = {isa = PBXFileReference; lastKnownFileType = sourcecode.cpp.cpp; path = main.cpp; sourceTree = "<group>"; };
		B7FBA63D1934E7AC00E018F1 /* Raytracing.1 */ = {isa = PBXFileReference; lastKnownFileType = text.man; path = Raytracing.1; sourceTree = "<group>"; };
		B7FBA6491934EBEA00E018F1 /* Trabalho1 */ = {isa = PBXFileReference; explicitFileType = "compiled.mach-o.executable"; includeInIndex = 0; path = Trabalho1; sourceTree = BUILT_PRODUCTS_DIR; };
		B7FBA64B1934EBEA00E018F1 /* main.cpp */ = {isa = PBXFileReference; lastKnownFileType = sourcecode.cpp.cpp; path = main.cpp; sourceTree = "<group>"; };
		B7FBA64D1934EBEA00E018F1 /* Trabalho1.1 */ = {isa = PBXFileReference; lastKnownFileType = text.man; path = Trabalho1.1; sourceTree = "<group>"; };
		B7FBA6531934EC4600E018F1 /* GLUT.framework */ = {isa = PBXFileReference; lastKnownFileType = wrapper.framework; name = GLUT.framework; path = System/Library/Frameworks/GLUT.framework; sourceTree = SDKROOT; };
/* End PBXFileReference section */

/* Begin PBXFrameworksBuildPhase section */
		B76DFCE4194342E300D237D8 /* Frameworks */ = {
			isa = PBXFrameworksBuildPhase;
			buildActionMask = 2147483647;
			files = (
				B76DFCF01943432C00D237D8 /* Cocoa.framework in Frameworks */,
				B76DFCF11943433100D237D8 /* OpenGL.framework in Frameworks */,
				B76DFCF41943446300D237D8 /* GLUT.framework in Frameworks */,
				B76DFCF31943445C00D237D8 /* IOKit.framework in Frameworks */,
			);
			runOnlyForDeploymentPostprocessing = 0;
		};
		B78FA53019434C60004AF7D5 /* Frameworks */ = {
			isa = PBXFrameworksBuildPhase;
			buildActionMask = 2147483647;
			files = (
				B78FA53C19434C6B004AF7D5 /* IOKit.framework in Frameworks */,
				B78FA53D19434C6F004AF7D5 /* OpenGL.framework in Frameworks */,
				B78FA53E19434C73004AF7D5 /* Cocoa.framework in Frameworks */,
			);
			runOnlyForDeploymentPostprocessing = 0;
		};
		B78FA54019435ABF004AF7D5 /* Frameworks */ = {
			isa = PBXFrameworksBuildPhase;
			buildActionMask = 2147483647;
			files = (
				B78FA54C19435ADF004AF7D5 /* IOKit.framework in Frameworks */,
				B78FA54D19435AE2004AF7D5 /* OpenGL.framework in Frameworks */,
				B78FA54E19435AE5004AF7D5 /* Cocoa.framework in Frameworks */,
			);
			runOnlyForDeploymentPostprocessing = 0;
		};
		B7CA9578190743FC007FDC87 /* Frameworks */ = {
			isa = PBXFrameworksBuildPhase;
			buildActionMask = 2147483647;
			files = (
				B7CA958E19074579007FDC87 /* IOKit.framework in Frameworks */,
				B7CA958C19074575007FDC87 /* OpenGL.framework in Frameworks */,
				B7CA958A19074571007FDC87 /* Cocoa.framework in Frameworks */,
			);
			runOnlyForDeploymentPostprocessing = 0;
		};
		B7FBA6261934E28700E018F1 /* Frameworks */ = {
			isa = PBXFrameworksBuildPhase;
			buildActionMask = 2147483647;
			files = (
				B7FBA6321934E2B800E018F1 /* IOKit.framework in Frameworks */,
				B7FBA6331934E2BC00E018F1 /* OpenGL.framework in Frameworks */,
				B7FBA6341934E2BF00E018F1 /* Cocoa.framework in Frameworks */,
			);
			runOnlyForDeploymentPostprocessing = 0;
		};
		B7FBA6361934E7AC00E018F1 /* Frameworks */ = {
			isa = PBXFrameworksBuildPhase;
			buildActionMask = 2147483647;
			files = (
				B7FBA6421934E7B400E018F1 /* IOKit.framework in Frameworks */,
				B7FBA6431934E7B600E018F1 /* OpenGL.framework in Frameworks */,
				B7FBA6551934ECC000E018F1 /* GLUT.framework in Frameworks */,
				B7FBA6441934E7B900E018F1 /* Cocoa.framework in Frameworks */,
			);
			runOnlyForDeploymentPostprocessing = 0;
		};
		B7FBA6461934EBEA00E018F1 /* Frameworks */ = {
			isa = PBXFrameworksBuildPhase;
			buildActionMask = 2147483647;
			files = (
				B7FBA6541934EC4600E018F1 /* GLUT.framework in Frameworks */,
				B7FBA6521934EBF600E018F1 /* OpenGL.framework in Frameworks */,
			);
			runOnlyForDeploymentPostprocessing = 0;
		};
/* End PBXFrameworksBuildPhase section */

/* Begin PBXGroup section */
		B76DFCE8194342E300D237D8 /* AmbOcclusionA */ = {
			isa = PBXGroup;
			children = (
				B78FA52419434578004AF7D5 /* helper.cpp */,
				B78FA52519434578004AF7D5 /* helper.hpp */,
				B78FA52619434578004AF7D5 /* main.cpp */,
				B78FA52719434578004AF7D5 /* shaderFunctions.cpp */,
				B78FA52819434578004AF7D5 /* shaderFunctions.hpp */,
				B78FA52919434578004AF7D5 /* textfile.cpp */,
				B78FA52A19434578004AF7D5 /* textfile.h */,
				B76DFCEB194342E300D237D8 /* AmbOcclusionA.1 */,
			);
			path = AmbOcclusionA;
			sourceTree = "<group>";
		};
		B78FA53419434C60004AF7D5 /* AmbientOcclusion */ = {
			isa = PBXGroup;
			children = (
				B78FA53519434C60004AF7D5 /* main.cpp */,
				B78FA53719434C60004AF7D5 /* AmbientOcclusion.1 */,
			);
			path = AmbientOcclusion;
			sourceTree = "<group>";
		};
		B78FA54419435ABF004AF7D5 /* ShadowMap */ = {
			isa = PBXGroup;
			children = (
				B78FA54519435ABF004AF7D5 /* main.cpp */,
				B78FA54719435ABF004AF7D5 /* ShadowMap.1 */,
				B78FA54F19437988004AF7D5 /* myutils.h */,
			);
			path = ShadowMap;
			sourceTree = "<group>";
		};
		B7CA9572190743FC007FDC87 = {
			isa = PBXGroup;
			children = (
				B7FBA6531934EC4600E018F1 /* GLUT.framework */,
				B7CA959019076516007FDC87 /* third_party */,
				B7CA958D19074579007FDC87 /* IOKit.framework */,
				B7CA958B19074575007FDC87 /* OpenGL.framework */,
				B7CA958919074571007FDC87 /* Cocoa.framework */,
				B7CA957D190743FC007FDC87 /* Rendering2 */,
				B7FBA62A1934E28800E018F1 /* Trabalho2 */,
				B7FBA63A1934E7AC00E018F1 /* Raytracing */,
				B7FBA64A1934EBEA00E018F1 /* Trabalho1 */,
				B76DFCE8194342E300D237D8 /* AmbOcclusionA */,
				B78FA53419434C60004AF7D5 /* AmbientOcclusion */,
				B78FA54419435ABF004AF7D5 /* ShadowMap */,
				B7CA957C190743FC007FDC87 /* Products */,
			);
			sourceTree = "<group>";
		};
		B7CA957C190743FC007FDC87 /* Products */ = {
			isa = PBXGroup;
			children = (
				B7CA957B190743FC007FDC87 /* Rendering2 */,
				B7FBA6291934E28700E018F1 /* Trabalho2 */,
				B7FBA6391934E7AC00E018F1 /* Raytracing */,
				B7FBA6491934EBEA00E018F1 /* Trabalho1 */,
				B76DFCE7194342E300D237D8 /* AmbOcclusionA */,
				B78FA53319434C60004AF7D5 /* AmbientOcclusion */,
				B78FA54319435ABF004AF7D5 /* ShadowMap */,
			);
			name = Products;
			sourceTree = "<group>";
		};
		B7CA957D190743FC007FDC87 /* Rendering2 */ = {
			isa = PBXGroup;
			children = (
				B7CA957E190743FC007FDC87 /* main.cpp */,
				B7CA9580190743FC007FDC87 /* Rendering2.1 */,
			);
			path = Rendering2;
			sourceTree = "<group>";
		};
		B7FBA62A1934E28800E018F1 /* Trabalho2 */ = {
			isa = PBXGroup;
			children = (
				B7FBA62B1934E28800E018F1 /* main.cpp */,
				B7FBA62D1934E28800E018F1 /* Trabalho2.1 */,
				B7ED2C22193C1289001BCF5B /* Camera.hpp */,
				B7ED2C23193C1334001BCF5B /* Camera.cpp */,
			);
			path = Trabalho2;
			sourceTree = "<group>";
		};
		B7FBA63A1934E7AC00E018F1 /* Raytracing */ = {
			isa = PBXGroup;
			children = (
				B7FBA63B1934E7AC00E018F1 /* main.cpp */,
				B7FBA63D1934E7AC00E018F1 /* Raytracing.1 */,
			);
			path = Raytracing;
			sourceTree = "<group>";
		};
		B7FBA64A1934EBEA00E018F1 /* Trabalho1 */ = {
			isa = PBXGroup;
			children = (
				B7FBA64B1934EBEA00E018F1 /* main.cpp */,
				B7FBA64D1934EBEA00E018F1 /* Trabalho1.1 */,
			);
			path = Trabalho1;
			sourceTree = "<group>";
		};
/* End PBXGroup section */

/* Begin PBXNativeTarget section */
		B76DFCE6194342E300D237D8 /* AmbOcclusionA */ = {
			isa = PBXNativeTarget;
			buildConfigurationList = B76DFCEF194342E300D237D8 /* Build configuration list for PBXNativeTarget "AmbOcclusionA" */;
			buildPhases = (
				B76DFCE3194342E300D237D8 /* Sources */,
				B76DFCE4194342E300D237D8 /* Frameworks */,
				B76DFCE5194342E300D237D8 /* CopyFiles */,
			);
			buildRules = (
			);
			dependencies = (
			);
			name = AmbOcclusionA;
			productName = AmbOcclusionA;
			productReference = B76DFCE7194342E300D237D8 /* AmbOcclusionA */;
			productType = "com.apple.product-type.tool";
		};
		B78FA53219434C60004AF7D5 /* AmbientOcclusion */ = {
			isa = PBXNativeTarget;
			buildConfigurationList = B78FA53919434C60004AF7D5 /* Build configuration list for PBXNativeTarget "AmbientOcclusion" */;
			buildPhases = (
				B78FA52F19434C60004AF7D5 /* Sources */,
				B78FA53019434C60004AF7D5 /* Frameworks */,
				B78FA53119434C60004AF7D5 /* CopyFiles */,
			);
			buildRules = (
			);
			dependencies = (
			);
			name = AmbientOcclusion;
			productName = AmbientOcclusion;
			productReference = B78FA53319434C60004AF7D5 /* AmbientOcclusion */;
			productType = "com.apple.product-type.tool";
		};
		B78FA54219435ABF004AF7D5 /* ShadowMap */ = {
			isa = PBXNativeTarget;
			buildConfigurationList = B78FA54919435ABF004AF7D5 /* Build configuration list for PBXNativeTarget "ShadowMap" */;
			buildPhases = (
				B78FA53F19435ABF004AF7D5 /* Sources */,
				B78FA54019435ABF004AF7D5 /* Frameworks */,
				B78FA54119435ABF004AF7D5 /* CopyFiles */,
			);
			buildRules = (
			);
			dependencies = (
			);
			name = ShadowMap;
			productName = ShadowMap;
			productReference = B78FA54319435ABF004AF7D5 /* ShadowMap */;
			productType = "com.apple.product-type.tool";
		};
		B7CA957A190743FC007FDC87 /* Rendering2 */ = {
			isa = PBXNativeTarget;
			buildConfigurationList = B7CA9584190743FC007FDC87 /* Build configuration list for PBXNativeTarget "Rendering2" */;
			buildPhases = (
				B7CA9577190743FC007FDC87 /* Sources */,
				B7CA9578190743FC007FDC87 /* Frameworks */,
				B7CA9579190743FC007FDC87 /* CopyFiles */,
			);
			buildRules = (
			);
			dependencies = (
			);
			name = Rendering2;
			productName = Rendering2;
			productReference = B7CA957B190743FC007FDC87 /* Rendering2 */;
			productType = "com.apple.product-type.tool";
		};
		B7FBA6281934E28700E018F1 /* Trabalho2 */ = {
			isa = PBXNativeTarget;
			buildConfigurationList = B7FBA6311934E28800E018F1 /* Build configuration list for PBXNativeTarget "Trabalho2" */;
			buildPhases = (
				B7FBA6251934E28700E018F1 /* Sources */,
				B7FBA6261934E28700E018F1 /* Frameworks */,
				B7FBA6271934E28700E018F1 /* CopyFiles */,
			);
			buildRules = (
			);
			dependencies = (
			);
			name = Trabalho2;
			productName = Trabalho2;
			productReference = B7FBA6291934E28700E018F1 /* Trabalho2 */;
			productType = "com.apple.product-type.tool";
		};
		B7FBA6381934E7AC00E018F1 /* Raytracing */ = {
			isa = PBXNativeTarget;
			buildConfigurationList = B7FBA63F1934E7AC00E018F1 /* Build configuration list for PBXNativeTarget "Raytracing" */;
			buildPhases = (
				B7FBA6351934E7AC00E018F1 /* Sources */,
				B7FBA6361934E7AC00E018F1 /* Frameworks */,
				B7FBA6371934E7AC00E018F1 /* CopyFiles */,
			);
			buildRules = (
			);
			dependencies = (
			);
			name = Raytracing;
			productName = Raytracing;
			productReference = B7FBA6391934E7AC00E018F1 /* Raytracing */;
			productType = "com.apple.product-type.tool";
		};
		B7FBA6481934EBEA00E018F1 /* Trabalho1 */ = {
			isa = PBXNativeTarget;
			buildConfigurationList = B7FBA64F1934EBEA00E018F1 /* Build configuration list for PBXNativeTarget "Trabalho1" */;
			buildPhases = (
				B7FBA6451934EBEA00E018F1 /* Sources */,
				B7FBA6461934EBEA00E018F1 /* Frameworks */,
				B7FBA6471934EBEA00E018F1 /* CopyFiles */,
			);
			buildRules = (
			);
			dependencies = (
			);
			name = Trabalho1;
			productName = Trabalho1;
			productReference = B7FBA6491934EBEA00E018F1 /* Trabalho1 */;
			productType = "com.apple.product-type.tool";
		};
/* End PBXNativeTarget section */

/* Begin PBXProject section */
		B7CA9573190743FC007FDC87 /* Project object */ = {
			isa = PBXProject;
			attributes = {
				LastUpgradeCheck = 0510;
				ORGANIZATIONNAME = "Sasha Nicolas Da Rocha Pinheiro";
			};
			buildConfigurationList = B7CA9576190743FC007FDC87 /* Build configuration list for PBXProject "Rendering2" */;
			compatibilityVersion = "Xcode 3.2";
			developmentRegion = English;
			hasScannedForEncodings = 0;
			knownRegions = (
				en,
			);
			mainGroup = B7CA9572190743FC007FDC87;
			productRefGroup = B7CA957C190743FC007FDC87 /* Products */;
			projectDirPath = "";
			projectRoot = "";
			targets = (
				B7CA957A190743FC007FDC87 /* Rendering2 */,
				B7FBA6281934E28700E018F1 /* Trabalho2 */,
				B7FBA6381934E7AC00E018F1 /* Raytracing */,
				B7FBA6481934EBEA00E018F1 /* Trabalho1 */,
				B76DFCE6194342E300D237D8 /* AmbOcclusionA */,
				B78FA53219434C60004AF7D5 /* AmbientOcclusion */,
				B78FA54219435ABF004AF7D5 /* ShadowMap */,
			);
		};
/* End PBXProject section */

/* Begin PBXSourcesBuildPhase section */
		B76DFCE3194342E300D237D8 /* Sources */ = {
			isa = PBXSourcesBuildPhase;
			buildActionMask = 2147483647;
			files = (
				B78FA52D19434578004AF7D5 /* shaderFunctions.cpp in Sources */,
				B78FA52E19434578004AF7D5 /* textfile.cpp in Sources */,
				B78FA52B19434578004AF7D5 /* helper.cpp in Sources */,
				B78FA52C19434578004AF7D5 /* main.cpp in Sources */,
			);
			runOnlyForDeploymentPostprocessing = 0;
		};
		B78FA52F19434C60004AF7D5 /* Sources */ = {
			isa = PBXSourcesBuildPhase;
			buildActionMask = 2147483647;
			files = (
				B78FA53619434C60004AF7D5 /* main.cpp in Sources */,
			);
			runOnlyForDeploymentPostprocessing = 0;
		};
		B78FA53F19435ABF004AF7D5 /* Sources */ = {
			isa = PBXSourcesBuildPhase;
			buildActionMask = 2147483647;
			files = (
				B78FA54619435ABF004AF7D5 /* main.cpp in Sources */,
			);
			runOnlyForDeploymentPostprocessing = 0;
		};
		B7CA9577190743FC007FDC87 /* Sources */ = {
			isa = PBXSourcesBuildPhase;
			buildActionMask = 2147483647;
			files = (
				B7CA957F190743FC007FDC87 /* main.cpp in Sources */,
			);
			runOnlyForDeploymentPostprocessing = 0;
		};
		B7FBA6251934E28700E018F1 /* Sources */ = {
			isa = PBXSourcesBuildPhase;
			buildActionMask = 2147483647;
			files = (
				B7FBA62C1934E28800E018F1 /* main.cpp in Sources */,
				B7ED2C24193C1334001BCF5B /* Camera.cpp in Sources */,
			);
			runOnlyForDeploymentPostprocessing = 0;
		};
		B7FBA6351934E7AC00E018F1 /* Sources */ = {
			isa = PBXSourcesBuildPhase;
			buildActionMask = 2147483647;
			files = (
				B7FBA63C1934E7AC00E018F1 /* main.cpp in Sources */,
			);
			runOnlyForDeploymentPostprocessing = 0;
		};
		B7FBA6451934EBEA00E018F1 /* Sources */ = {
			isa = PBXSourcesBuildPhase;
			buildActionMask = 2147483647;
			files = (
				B7ED2C25193C1361001BCF5B /* Camera.hpp in Sources */,
				B7ED2C26193C1361001BCF5B /* Camera.cpp in Sources */,
				B7FBA64C1934EBEA00E018F1 /* main.cpp in Sources */,
			);
			runOnlyForDeploymentPostprocessing = 0;
		};
/* End PBXSourcesBuildPhase section */

/* Begin XCBuildConfiguration section */
		B76DFCED194342E300D237D8 /* Debug */ = {
			isa = XCBuildConfiguration;
			buildSettings = {
				GCC_PREPROCESSOR_DEFINITIONS = (
					"DEBUG=1",
					"$(inherited)",
				);
				HEADER_SEARCH_PATHS = (
					"$(inherited)",
					/Applications/Xcode.app/Contents/Developer/Toolchains/XcodeDefault.xctoolchain/usr/include,
					third_party/include,
				);
				LIBRARY_SEARCH_PATHS = third_party/lib;
				OTHER_LDFLAGS = (
					"-lglfw",
					"-lglew",
				);
				PRODUCT_NAME = "$(TARGET_NAME)";
			};
			name = Debug;
		};
		B76DFCEE194342E300D237D8 /* Release */ = {
			isa = XCBuildConfiguration;
			buildSettings = {
				HEADER_SEARCH_PATHS = (
					"$(inherited)",
					/Applications/Xcode.app/Contents/Developer/Toolchains/XcodeDefault.xctoolchain/usr/include,
					third_party/include,
				);
				LIBRARY_SEARCH_PATHS = third_party/lib;
				OTHER_LDFLAGS = (
					"-lglfw",
					"-lglew",
				);
				PRODUCT_NAME = "$(TARGET_NAME)";
			};
			name = Release;
		};
		B78FA53A19434C60004AF7D5 /* Debug */ = {
			isa = XCBuildConfiguration;
			buildSettings = {
				GCC_PREPROCESSOR_DEFINITIONS = (
					"DEBUG=1",
					"$(inherited)",
				);
				HEADER_SEARCH_PATHS = (
					"$(inherited)",
					/Applications/Xcode.app/Contents/Developer/Toolchains/XcodeDefault.xctoolchain/usr/include,
					third_party/include,
				);
				LIBRARY_SEARCH_PATHS = third_party/lib;
				OTHER_LDFLAGS = (
					"-lglfw",
					"-lglew",
				);
				PRODUCT_NAME = "$(TARGET_NAME)";
			};
			name = Debug;
		};
		B78FA53B19434C60004AF7D5 /* Release */ = {
			isa = XCBuildConfiguration;
			buildSettings = {
				HEADER_SEARCH_PATHS = (
					"$(inherited)",
					/Applications/Xcode.app/Contents/Developer/Toolchains/XcodeDefault.xctoolchain/usr/include,
					third_party/include,
				);
				LIBRARY_SEARCH_PATHS = third_party/lib;
				OTHER_LDFLAGS = (
					"-lglfw",
					"-lglew",
				);
				PRODUCT_NAME = "$(TARGET_NAME)";
			};
			name = Release;
		};
		B78FA54A19435ABF004AF7D5 /* Debug */ = {
			isa = XCBuildConfiguration;
			buildSettings = {
				GCC_PREPROCESSOR_DEFINITIONS = (
					"DEBUG=1",
					"$(inherited)",
				);
				HEADER_SEARCH_PATHS = (
					"$(inherited)",
					/Applications/Xcode.app/Contents/Developer/Toolchains/XcodeDefault.xctoolchain/usr/include,
					third_party/include,
				);
				LIBRARY_SEARCH_PATHS = third_party/lib;
				OTHER_LDFLAGS = (
					"-lglfw",
					"-lglew",
				);
				PRODUCT_NAME = "$(TARGET_NAME)";
			};
			name = Debug;
		};
		B78FA54B19435ABF004AF7D5 /* Release */ = {
			isa = XCBuildConfiguration;
			buildSettings = {
				HEADER_SEARCH_PATHS = (
					"$(inherited)",
					/Applications/Xcode.app/Contents/Developer/Toolchains/XcodeDefault.xctoolchain/usr/include,
					third_party/include,
				);
				LIBRARY_SEARCH_PATHS = third_party/lib;
				OTHER_LDFLAGS = (
					"-lglfw",
					"-lglew",
				);
				PRODUCT_NAME = "$(TARGET_NAME)";
			};
			name = Release;
		};
		B7CA9582190743FC007FDC87 /* Debug */ = {
			isa = XCBuildConfiguration;
			buildSettings = {
				ALWAYS_SEARCH_USER_PATHS = NO;
				CLANG_CXX_LANGUAGE_STANDARD = "gnu++0x";
				CLANG_CXX_LIBRARY = "libc++";
				CLANG_ENABLE_MODULES = YES;
				CLANG_ENABLE_OBJC_ARC = YES;
				CLANG_WARN_BOOL_CONVERSION = YES;
				CLANG_WARN_CONSTANT_CONVERSION = YES;
				CLANG_WARN_DIRECT_OBJC_ISA_USAGE = YES_ERROR;
				CLANG_WARN_EMPTY_BODY = YES;
				CLANG_WARN_ENUM_CONVERSION = YES;
				CLANG_WARN_INT_CONVERSION = YES;
				CLANG_WARN_OBJC_ROOT_CLASS = YES_ERROR;
				CLANG_WARN__DUPLICATE_METHOD_MATCH = YES;
				COPY_PHASE_STRIP = NO;
				GCC_C_LANGUAGE_STANDARD = gnu99;
				GCC_DYNAMIC_NO_PIC = NO;
				GCC_ENABLE_OBJC_EXCEPTIONS = YES;
				GCC_OPTIMIZATION_LEVEL = 0;
				GCC_PREPROCESSOR_DEFINITIONS = (
					"DEBUG=1",
					"$(inherited)",
				);
				GCC_SYMBOLS_PRIVATE_EXTERN = NO;
				GCC_WARN_64_TO_32_BIT_CONVERSION = YES;
				GCC_WARN_ABOUT_RETURN_TYPE = YES_ERROR;
				GCC_WARN_UNDECLARED_SELECTOR = YES;
				GCC_WARN_UNINITIALIZED_AUTOS = YES_AGGRESSIVE;
				GCC_WARN_UNUSED_FUNCTION = YES;
				GCC_WARN_UNUSED_VARIABLE = YES;
				MACOSX_DEPLOYMENT_TARGET = 10.9;
				ONLY_ACTIVE_ARCH = YES;
				SDKROOT = macosx;
			};
			name = Debug;
		};
		B7CA9583190743FC007FDC87 /* Release */ = {
			isa = XCBuildConfiguration;
			buildSettings = {
				ALWAYS_SEARCH_USER_PATHS = NO;
				CLANG_CXX_LANGUAGE_STANDARD = "gnu++0x";
				CLANG_CXX_LIBRARY = "libc++";
				CLANG_ENABLE_MODULES = YES;
				CLANG_ENABLE_OBJC_ARC = YES;
				CLANG_WARN_BOOL_CONVERSION = YES;
				CLANG_WARN_CONSTANT_CONVERSION = YES;
				CLANG_WARN_DIRECT_OBJC_ISA_USAGE = YES_ERROR;
				CLANG_WARN_EMPTY_BODY = YES;
				CLANG_WARN_ENUM_CONVERSION = YES;
				CLANG_WARN_INT_CONVERSION = YES;
				CLANG_WARN_OBJC_ROOT_CLASS = YES_ERROR;
				CLANG_WARN__DUPLICATE_METHOD_MATCH = YES;
				COPY_PHASE_STRIP = YES;
				DEBUG_INFORMATION_FORMAT = "dwarf-with-dsym";
				ENABLE_NS_ASSERTIONS = NO;
				GCC_C_LANGUAGE_STANDARD = gnu99;
				GCC_ENABLE_OBJC_EXCEPTIONS = YES;
				GCC_WARN_64_TO_32_BIT_CONVERSION = YES;
				GCC_WARN_ABOUT_RETURN_TYPE = YES_ERROR;
				GCC_WARN_UNDECLARED_SELECTOR = YES;
				GCC_WARN_UNINITIALIZED_AUTOS = YES_AGGRESSIVE;
				GCC_WARN_UNUSED_FUNCTION = YES;
				GCC_WARN_UNUSED_VARIABLE = YES;
				MACOSX_DEPLOYMENT_TARGET = 10.9;
				SDKROOT = macosx;
			};
			name = Release;
		};
		B7CA9585190743FC007FDC87 /* Debug */ = {
			isa = XCBuildConfiguration;
			buildSettings = {
				HEADER_SEARCH_PATHS = (
					third_party/include,
					/Applications/Xcode.app/Contents/Developer/Toolchains/XcodeDefault.xctoolchain/usr/include,
					"$(inherited)",
				);
				LIBRARY_SEARCH_PATHS = third_party/lib;
				OTHER_LDFLAGS = (
					"-lglfw",
					"-lglew",
				);
				PRODUCT_NAME = "$(TARGET_NAME)";
			};
			name = Debug;
		};
		B7CA9586190743FC007FDC87 /* Release */ = {
			isa = XCBuildConfiguration;
			buildSettings = {
				HEADER_SEARCH_PATHS = (
					third_party/include,
					/Applications/Xcode.app/Contents/Developer/Toolchains/XcodeDefault.xctoolchain/usr/include,
					"$(inherited)",
				);
				LIBRARY_SEARCH_PATHS = third_party/lib;
				OTHER_LDFLAGS = (
					"-lglfw",
					"-lglew",
				);
				PRODUCT_NAME = "$(TARGET_NAME)";
			};
			name = Release;
		};
		B7FBA62F1934E28800E018F1 /* Debug */ = {
			isa = XCBuildConfiguration;
			buildSettings = {
				GCC_PREPROCESSOR_DEFINITIONS = "$(inherited)";
				HEADER_SEARCH_PATHS = (
					"$(inherited)",
					/Applications/Xcode.app/Contents/Developer/Toolchains/XcodeDefault.xctoolchain/usr/include,
					third_party/include,
				);
				LIBRARY_SEARCH_PATHS = third_party/lib;
				OTHER_LDFLAGS = (
					"-lglfw",
					"-lglew",
				);
				PRODUCT_NAME = "$(TARGET_NAME)";
			};
			name = Debug;
		};
		B7FBA6301934E28800E018F1 /* Release */ = {
			isa = XCBuildConfiguration;
			buildSettings = {
				HEADER_SEARCH_PATHS = (
					"$(inherited)",
					/Applications/Xcode.app/Contents/Developer/Toolchains/XcodeDefault.xctoolchain/usr/include,
					third_party/include,
				);
				LIBRARY_SEARCH_PATHS = third_party/lib;
				OTHER_LDFLAGS = (
					"-lglfw",
					"-lglew",
				);
				PRODUCT_NAME = "$(TARGET_NAME)";
			};
			name = Release;
		};
		B7FBA6401934E7AC00E018F1 /* Debug */ = {
			isa = XCBuildConfiguration;
			buildSettings = {
				GCC_PREPROCESSOR_DEFINITIONS = (
					"DEBUG=1",
					"$(inherited)",
				);
				HEADER_SEARCH_PATHS = (
					"$(inherited)",
					/Applications/Xcode.app/Contents/Developer/Toolchains/XcodeDefault.xctoolchain/usr/include,
					third_party/include,
				);
				LIBRARY_SEARCH_PATHS = third_party/lib;
				OTHER_LDFLAGS = (
					"-lglfw",
					"-lglew",
				);
				PRODUCT_NAME = "$(TARGET_NAME)";
			};
			name = Debug;
		};
		B7FBA6411934E7AC00E018F1 /* Release */ = {
			isa = XCBuildConfiguration;
			buildSettings = {
				HEADER_SEARCH_PATHS = (
					"$(inherited)",
					/Applications/Xcode.app/Contents/Developer/Toolchains/XcodeDefault.xctoolchain/usr/include,
					third_party/include,
				);
				LIBRARY_SEARCH_PATHS = third_party/lib;
				OTHER_LDFLAGS = (
					"-lglfw",
					"-lglew",
				);
				PRODUCT_NAME = "$(TARGET_NAME)";
			};
			name = Release;
		};
		B7FBA6501934EBEA00E018F1 /* Debug */ = {
			isa = XCBuildConfiguration;
			buildSettings = {
				GCC_PREPROCESSOR_DEFINITIONS = (
					"DEBUG=1",
					"$(inherited)",
				);
				PRODUCT_NAME = "$(TARGET_NAME)";
			};
			name = Debug;
		};
		B7FBA6511934EBEA00E018F1 /* Release */ = {
			isa = XCBuildConfiguration;
			buildSettings = {
				PRODUCT_NAME = "$(TARGET_NAME)";
			};
			name = Release;
		};
/* End XCBuildConfiguration section */

/* Begin XCConfigurationList section */
		B76DFCEF194342E300D237D8 /* Build configuration list for PBXNativeTarget "AmbOcclusionA" */ = {
			isa = XCConfigurationList;
			buildConfigurations = (
				B76DFCED194342E300D237D8 /* Debug */,
				B76DFCEE194342E300D237D8 /* Release */,
			);
			defaultConfigurationIsVisible = 0;
			defaultConfigurationName = Release;
		};
		B78FA53919434C60004AF7D5 /* Build configuration list for PBXNativeTarget "AmbientOcclusion" */ = {
			isa = XCConfigurationList;
			buildConfigurations = (
				B78FA53A19434C60004AF7D5 /* Debug */,
				B78FA53B19434C60004AF7D5 /* Release */,
			);
			defaultConfigurationIsVisible = 0;
		};
		B78FA54919435ABF004AF7D5 /* Build configuration list for PBXNativeTarget "ShadowMap" */ = {
			isa = XCConfigurationList;
			buildConfigurations = (
				B78FA54A19435ABF004AF7D5 /* Debug */,
				B78FA54B19435ABF004AF7D5 /* Release */,
			);
			defaultConfigurationIsVisible = 0;
		};
		B7CA9576190743FC007FDC87 /* Build configuration list for PBXProject "Rendering2" */ = {
			isa = XCConfigurationList;
			buildConfigurations = (
				B7CA9582190743FC007FDC87 /* Debug */,
				B7CA9583190743FC007FDC87 /* Release */,
			);
			defaultConfigurationIsVisible = 0;
			defaultConfigurationName = Release;
		};
		B7CA9584190743FC007FDC87 /* Build configuration list for PBXNativeTarget "Rendering2" */ = {
			isa = XCConfigurationList;
			buildConfigurations = (
				B7CA9585190743FC007FDC87 /* Debug */,
				B7CA9586190743FC007FDC87 /* Release */,
			);
			defaultConfigurationIsVisible = 0;
			defaultConfigurationName = Release;
		};
		B7FBA6311934E28800E018F1 /* Build configuration list for PBXNativeTarget "Trabalho2" */ = {
			isa = XCConfigurationList;
			buildConfigurations = (
				B7FBA62F1934E28800E018F1 /* Debug */,
				B7FBA6301934E28800E018F1 /* Release */,
			);
			defaultConfigurationIsVisible = 0;
			defaultConfigurationName = Release;
		};
		B7FBA63F1934E7AC00E018F1 /* Build configuration list for PBXNativeTarget "Raytracing" */ = {
			isa = XCConfigurationList;
			buildConfigurations = (
				B7FBA6401934E7AC00E018F1 /* Debug */,
				B7FBA6411934E7AC00E018F1 /* Release */,
			);
			defaultConfigurationIsVisible = 0;
			defaultConfigurationName = Release;
		};
		B7FBA64F1934EBEA00E018F1 /* Build configuration list for PBXNativeTarget "Trabalho1" */ = {
			isa = XCConfigurationList;
			buildConfigurations = (
				B7FBA6501934EBEA00E018F1 /* Debug */,
				B7FBA6511934EBEA00E018F1 /* Release */,
			);
			defaultConfigurationIsVisible = 0;
			defaultConfigurationName = Release;
		};
/* End XCConfigurationList section */
	};
	rootObject = B7CA9573190743FC007FDC87 /* Project object */;
}
