// !$*UTF8*$!
{
	archiveVersion = 1;
	classes = {
	};
	objectVersion = 46;
	objects = {

/* Begin PBXBuildFile section */
		B7CA957F190743FC007FDC87 /* main.cpp in Sources */ = {isa = PBXBuildFile; fileRef = B7CA957E190743FC007FDC87 /* main.cpp */; };
		B7CA9581190743FC007FDC87 /* Rendering2.1 in CopyFiles */ = {isa = PBXBuildFile; fileRef = B7CA9580190743FC007FDC87 /* Rendering2.1 */; };
		B7CA958A19074571007FDC87 /* Cocoa.framework in Frameworks */ = {isa = PBXBuildFile; fileRef = B7CA958919074571007FDC87 /* Cocoa.framework */; };
		B7CA958C19074575007FDC87 /* OpenGL.framework in Frameworks */ = {isa = PBXBuildFile; fileRef = B7CA958B19074575007FDC87 /* OpenGL.framework */; };
		B7CA958E19074579007FDC87 /* IOKit.framework in Frameworks */ = {isa = PBXBuildFile; fileRef = B7CA958D19074579007FDC87 /* IOKit.framework */; };
		B7FBA62C1934E28800E018F1 /* main.cpp in Sources */ = {isa = PBXBuildFile; fileRef = B7FBA62B1934E28800E018F1 /* main.cpp */; };
		B7FBA62E1934E28800E018F1 /* Trabalho2.1 in CopyFiles */ = {isa = PBXBuildFile; fileRef = B7FBA62D1934E28800E018F1 /* Trabalho2.1 */; };
		B7FBA6321934E2B800E018F1 /* IOKit.framework in Frameworks */ = {isa = PBXBuildFile; fileRef = B7CA958D19074579007FDC87 /* IOKit.framework */; };
		B7FBA6331934E2BC00E018F1 /* OpenGL.framework in Frameworks */ = {isa = PBXBuildFile; fileRef = B7CA958B19074575007FDC87 /* OpenGL.framework */; };
		B7FBA6341934E2BF00E018F1 /* Cocoa.framework in Frameworks */ = {isa = PBXBuildFile; fileRef = B7CA958919074571007FDC87 /* Cocoa.framework */; };
		B7FBA63C1934E7AC00E018F1 /* main.cpp in Sources */ = {isa = PBXBuildFile; fileRef = B7FBA63B1934E7AC00E018F1 /* main.cpp */; };
		B7FBA63E1934E7AC00E018F1 /* Raytracing.1 in CopyFiles */ = {isa = PBXBuildFile; fileRef = B7FBA63D1934E7AC00E018F1 /* Raytracing.1 */; };
		B7FBA6421934E7B400E018F1 /* IOKit.framework in Frameworks */ = {isa = PBXBuildFile; fileRef = B7CA958D19074579007FDC87 /* IOKit.framework */; };
		B7FBA6431934E7B600E018F1 /* OpenGL.framework in Frameworks */ = {isa = PBXBuildFile; fileRef = B7CA958B19074575007FDC87 /* OpenGL.framework */; };
		B7FBA6441934E7B900E018F1 /* Cocoa.framework in Frameworks */ = {isa = PBXBuildFile; fileRef = B7CA958919074571007FDC87 /* Cocoa.framework */; };
		B7FBA64C1934EBEA00E018F1 /* main.cpp in Sources */ = {isa = PBXBuildFile; fileRef = B7FBA64B1934EBEA00E018F1 /* main.cpp */; };
		B7FBA64E1934EBEA00E018F1 /* Trabalho1.1 in CopyFiles */ = {isa = PBXBuildFile; fileRef = B7FBA64D1934EBEA00E018F1 /* Trabalho1.1 */; };
		B7FBA6521934EBF600E018F1 /* OpenGL.framework in Frameworks */ = {isa = PBXBuildFile; fileRef = B7CA958B19074575007FDC87 /* OpenGL.framework */; };
		B7FBA6541934EC4600E018F1 /* GLUT.framework in Frameworks */ = {isa = PBXBuildFile; fileRef = B7FBA6531934EC4600E018F1 /* GLUT.framework */; };
		B7FBA6551934ECC000E018F1 /* GLUT.framework in Frameworks */ = {isa = PBXBuildFile; fileRef = B7FBA6531934EC4600E018F1 /* GLUT.framework */; };
/* End PBXBuildFile section */

/* Begin PBXCopyFilesBuildPhase section */
		B7CA9579190743FC007FDC87 /* CopyFiles */ = {
			isa = PBXCopyFilesBuildPhase;
			buildActionMask = 2147483647;
			dstPath = /usr/share/man/man1/;
			dstSubfolderSpec = 0;
			files = (
				B7CA9581190743FC007FDC87 /* Rendering2.1 in CopyFiles */,
			);
			runOnlyForDeploymentPostprocessing = 1;
		};
		B7FBA6271934E28700E018F1 /* CopyFiles */ = {
			isa = PBXCopyFilesBuildPhase;
			buildActionMask = 2147483647;
			dstPath = /usr/share/man/man1/;
			dstSubfolderSpec = 0;
			files = (
				B7FBA62E1934E28800E018F1 /* Trabalho2.1 in CopyFiles */,
			);
			runOnlyForDeploymentPostprocessing = 1;
		};
		B7FBA6371934E7AC00E018F1 /* CopyFiles */ = {
			isa = PBXCopyFilesBuildPhase;
			buildActionMask = 2147483647;
			dstPath = /usr/share/man/man1/;
			dstSubfolderSpec = 0;
			files = (
				B7FBA63E1934E7AC00E018F1 /* Raytracing.1 in CopyFiles */,
			);
			runOnlyForDeploymentPostprocessing = 1;
		};
		B7FBA6471934EBEA00E018F1 /* CopyFiles */ = {
			isa = PBXCopyFilesBuildPhase;
			buildActionMask = 2147483647;
			dstPath = /usr/share/man/man1/;
			dstSubfolderSpec = 0;
			files = (
				B7FBA64E1934EBEA00E018F1 /* Trabalho1.1 in CopyFiles */,
			);
			runOnlyForDeploymentPostprocessing = 1;
		};
/* End PBXCopyFilesBuildPhase section */

/* Begin PBXFileReference section */
		B7CA957B190743FC007FDC87 /* Rendering2 */ = {isa = PBXFileReference; explicitFileType = "compiled.mach-o.executable"; includeInIndex = 0; path = Rendering2; sourceTree = BUILT_PRODUCTS_DIR; };
		B7CA957E190743FC007FDC87 /* main.cpp */ = {isa = PBXFileReference; lastKnownFileType = sourcecode.cpp.cpp; path = main.cpp; sourceTree = "<group>"; };
		B7CA9580190743FC007FDC87 /* Rendering2.1 */ = {isa = PBXFileReference; lastKnownFileType = text.man; path = Rendering2.1; sourceTree = "<group>"; };
		B7CA958919074571007FDC87 /* Cocoa.framework */ = {isa = PBXFileReference; lastKnownFileType = wrapper.framework; name = Cocoa.framework; path = System/Library/Frameworks/Cocoa.framework; sourceTree = SDKROOT; };
		B7CA958B19074575007FDC87 /* OpenGL.framework */ = {isa = PBXFileReference; lastKnownFileType = wrapper.framework; name = OpenGL.framework; path = System/Library/Frameworks/OpenGL.framework; sourceTree = SDKROOT; };
		B7CA958D19074579007FDC87 /* IOKit.framework */ = {isa = PBXFileReference; lastKnownFileType = wrapper.framework; name = IOKit.framework; path = System/Library/Frameworks/IOKit.framework; sourceTree = SDKROOT; };
		B7CA959019076516007FDC87 /* third_party */ = {isa = PBXFileReference; lastKnownFileType = folder; path = third_party; sourceTree = "<group>"; };
		B7FBA6291934E28700E018F1 /* Trabalho2 */ = {isa = PBXFileReference; explicitFileType = "compiled.mach-o.executable"; includeInIndex = 0; path = Trabalho2; sourceTree = BUILT_PRODUCTS_DIR; };
		B7FBA62B1934E28800E018F1 /* main.cpp */ = {isa = PBXFileReference; lastKnownFileType = sourcecode.cpp.cpp; path = main.cpp; sourceTree = "<group>"; };
		B7FBA62D1934E28800E018F1 /* Trabalho2.1 */ = {isa = PBXFileReference; lastKnownFileType = text.man; path = Trabalho2.1; sourceTree = "<group>"; };
		B7FBA6391934E7AC00E018F1 /* Raytracing */ = {isa = PBXFileReference; explicitFileType = "compiled.mach-o.executable"; includeInIndex = 0; path = Raytracing; sourceTree = BUILT_PRODUCTS_DIR; };
		B7FBA63B1934E7AC00E018F1 /* main.cpp */ = {isa = PBXFileReference; lastKnownFileType = sourcecode.cpp.cpp; path = main.cpp; sourceTree = "<group>"; };
		B7FBA63D1934E7AC00E018F1 /* Raytracing.1 */ = {isa = PBXFileReference; lastKnownFileType = text.man; path = Raytracing.1; sourceTree = "<group>"; };
		B7FBA6491934EBEA00E018F1 /* Trabalho1 */ = {isa = PBXFileReference; explicitFileType = "compiled.mach-o.executable"; includeInIndex = 0; path = Trabalho1; sourceTree = BUILT_PRODUCTS_DIR; };
		B7FBA64B1934EBEA00E018F1 /* main.cpp */ = {isa = PBXFileReference; lastKnownFileType = sourcecode.cpp.cpp; path = main.cpp; sourceTree = "<group>"; };
		B7FBA64D1934EBEA00E018F1 /* Trabalho1.1 */ = {isa = PBXFileReference; lastKnownFileType = text.man; path = Trabalho1.1; sourceTree = "<group>"; };
		B7FBA6531934EC4600E018F1 /* GLUT.framework */ = {isa = PBXFileReference; lastKnownFileType = wrapper.framework; name = GLUT.framework; path = System/Library/Frameworks/GLUT.framework; sourceTree = SDKROOT; };
/* End PBXFileReference section */

/* Begin PBXFrameworksBuildPhase section */
		B7CA9578190743FC007FDC87 /* Frameworks */ = {
			isa = PBXFrameworksBuildPhase;
			buildActionMask = 2147483647;
			files = (
				B7CA958E19074579007FDC87 /* IOKit.framework in Frameworks */,
				B7CA958C19074575007FDC87 /* OpenGL.framework in Frameworks */,
				B7CA958A19074571007FDC87 /* Cocoa.framework in Frameworks */,
			);
			runOnlyForDeploymentPostprocessing = 0;
		};
		B7FBA6261934E28700E018F1 /* Frameworks */ = {
			isa = PBXFrameworksBuildPhase;
			buildActionMask = 2147483647;
			files = (
				B7FBA6321934E2B800E018F1 /* IOKit.framework in Frameworks */,
				B7FBA6331934E2BC00E018F1 /* OpenGL.framework in Frameworks */,
				B7FBA6341934E2BF00E018F1 /* Cocoa.framework in Frameworks */,
			);
			runOnlyForDeploymentPostprocessing = 0;
		};
		B7FBA6361934E7AC00E018F1 /* Frameworks */ = {
			isa = PBXFrameworksBuildPhase;
			buildActionMask = 2147483647;
			files = (
				B7FBA6421934E7B400E018F1 /* IOKit.framework in Frameworks */,
				B7FBA6431934E7B600E018F1 /* OpenGL.framework in Frameworks */,
				B7FBA6551934ECC000E018F1 /* GLUT.framework in Frameworks */,
				B7FBA6441934E7B900E018F1 /* Cocoa.framework in Frameworks */,
			);
			runOnlyForDeploymentPostprocessing = 0;
		};
		B7FBA6461934EBEA00E018F1 /* Frameworks */ = {
			isa = PBXFrameworksBuildPhase;
			buildActionMask = 2147483647;
			files = (
				B7FBA6541934EC4600E018F1 /* GLUT.framework in Frameworks */,
				B7FBA6521934EBF600E018F1 /* OpenGL.framework in Frameworks */,
			);
			runOnlyForDeploymentPostprocessing = 0;
		};
/* End PBXFrameworksBuildPhase section */

/* Begin PBXGroup section */
		B7CA9572190743FC007FDC87 = {
			isa = PBXGroup;
			children = (
				B7FBA6531934EC4600E018F1 /* GLUT.framework */,
				B7CA959019076516007FDC87 /* third_party */,
				B7CA958D19074579007FDC87 /* IOKit.framework */,
				B7CA958B19074575007FDC87 /* OpenGL.framework */,
				B7CA958919074571007FDC87 /* Cocoa.framework */,
				B7CA957D190743FC007FDC87 /* Rendering2 */,
				B7FBA62A1934E28800E018F1 /* Trabalho2 */,
				B7FBA63A1934E7AC00E018F1 /* Raytracing */,
				B7FBA64A1934EBEA00E018F1 /* Trabalho1 */,
				B7CA957C190743FC007FDC87 /* Products */,
			);
			sourceTree = "<group>";
		};
		B7CA957C190743FC007FDC87 /* Products */ = {
			isa = PBXGroup;
			children = (
				B7CA957B190743FC007FDC87 /* Rendering2 */,
				B7FBA6291934E28700E018F1 /* Trabalho2 */,
				B7FBA6391934E7AC00E018F1 /* Raytracing */,
				B7FBA6491934EBEA00E018F1 /* Trabalho1 */,
			);
			name = Products;
			sourceTree = "<group>";
		};
		B7CA957D190743FC007FDC87 /* Rendering2 */ = {
			isa = PBXGroup;
			children = (
				B7CA957E190743FC007FDC87 /* main.cpp */,
				B7CA9580190743FC007FDC87 /* Rendering2.1 */,
			);
			path = Rendering2;
			sourceTree = "<group>";
		};
		B7FBA62A1934E28800E018F1 /* Trabalho2 */ = {
			isa = PBXGroup;
			children = (
				B7FBA62B1934E28800E018F1 /* main.cpp */,
				B7FBA62D1934E28800E018F1 /* Trabalho2.1 */,
			);
			path = Trabalho2;
			sourceTree = "<group>";
		};
		B7FBA63A1934E7AC00E018F1 /* Raytracing */ = {
			isa = PBXGroup;
			children = (
				B7FBA63B1934E7AC00E018F1 /* main.cpp */,
				B7FBA63D1934E7AC00E018F1 /* Raytracing.1 */,
			);
			path = Raytracing;
			sourceTree = "<group>";
		};
		B7FBA64A1934EBEA00E018F1 /* Trabalho1 */ = {
			isa = PBXGroup;
			children = (
				B7FBA64B1934EBEA00E018F1 /* main.cpp */,
				B7FBA64D1934EBEA00E018F1 /* Trabalho1.1 */,
			);
			path = Trabalho1;
			sourceTree = "<group>";
		};
/* End PBXGroup section */

/* Begin PBXNativeTarget section */
		B7CA957A190743FC007FDC87 /* Rendering2 */ = {
			isa = PBXNativeTarget;
			buildConfigurationList = B7CA9584190743FC007FDC87 /* Build configuration list for PBXNativeTarget "Rendering2" */;
			buildPhases = (
				B7CA9577190743FC007FDC87 /* Sources */,
				B7CA9578190743FC007FDC87 /* Frameworks */,
				B7CA9579190743FC007FDC87 /* CopyFiles */,
			);
			buildRules = (
			);
			dependencies = (
			);
			name = Rendering2;
			productName = Rendering2;
			productReference = B7CA957B190743FC007FDC87 /* Rendering2 */;
			productType = "com.apple.product-type.tool";
		};
		B7FBA6281934E28700E018F1 /* Trabalho2 */ = {
			isa = PBXNativeTarget;
			buildConfigurationList = B7FBA6311934E28800E018F1 /* Build configuration list for PBXNativeTarget "Trabalho2" */;
			buildPhases = (
				B7FBA6251934E28700E018F1 /* Sources */,
				B7FBA6261934E28700E018F1 /* Frameworks */,
				B7FBA6271934E28700E018F1 /* CopyFiles */,
			);
			buildRules = (
			);
			dependencies = (
			);
			name = Trabalho2;
			productName = Trabalho2;
			productReference = B7FBA6291934E28700E018F1 /* Trabalho2 */;
			productType = "com.apple.product-type.tool";
		};
		B7FBA6381934E7AC00E018F1 /* Raytracing */ = {
			isa = PBXNativeTarget;
			buildConfigurationList = B7FBA63F1934E7AC00E018F1 /* Build configuration list for PBXNativeTarget "Raytracing" */;
			buildPhases = (
				B7FBA6351934E7AC00E018F1 /* Sources */,
				B7FBA6361934E7AC00E018F1 /* Frameworks */,
				B7FBA6371934E7AC00E018F1 /* CopyFiles */,
			);
			buildRules = (
			);
			dependencies = (
			);
			name = Raytracing;
			productName = Raytracing;
			productReference = B7FBA6391934E7AC00E018F1 /* Raytracing */;
			productType = "com.apple.product-type.tool";
		};
		B7FBA6481934EBEA00E018F1 /* Trabalho1 */ = {
			isa = PBXNativeTarget;
			buildConfigurationList = B7FBA64F1934EBEA00E018F1 /* Build configuration list for PBXNativeTarget "Trabalho1" */;
			buildPhases = (
				B7FBA6451934EBEA00E018F1 /* Sources */,
				B7FBA6461934EBEA00E018F1 /* Frameworks */,
				B7FBA6471934EBEA00E018F1 /* CopyFiles */,
			);
			buildRules = (
			);
			dependencies = (
			);
			name = Trabalho1;
			productName = Trabalho1;
			productReference = B7FBA6491934EBEA00E018F1 /* Trabalho1 */;
			productType = "com.apple.product-type.tool";
		};
/* End PBXNativeTarget section */

/* Begin PBXProject section */
		B7CA9573190743FC007FDC87 /* Project object */ = {
			isa = PBXProject;
			attributes = {
				LastUpgradeCheck = 0510;
				ORGANIZATIONNAME = "Sasha Nicolas Da Rocha Pinheiro";
			};
			buildConfigurationList = B7CA9576190743FC007FDC87 /* Build configuration list for PBXProject "Rendering2" */;
			compatibilityVersion = "Xcode 3.2";
			developmentRegion = English;
			hasScannedForEncodings = 0;
			knownRegions = (
				en,
			);
			mainGroup = B7CA9572190743FC007FDC87;
			productRefGroup = B7CA957C190743FC007FDC87 /* Products */;
			projectDirPath = "";
			projectRoot = "";
			targets = (
				B7CA957A190743FC007FDC87 /* Rendering2 */,
				B7FBA6281934E28700E018F1 /* Trabalho2 */,
				B7FBA6381934E7AC00E018F1 /* Raytracing */,
				B7FBA6481934EBEA00E018F1 /* Trabalho1 */,
			);
		};
/* End PBXProject section */

/* Begin PBXSourcesBuildPhase section */
		B7CA9577190743FC007FDC87 /* Sources */ = {
			isa = PBXSourcesBuildPhase;
			buildActionMask = 2147483647;
			files = (
				B7CA957F190743FC007FDC87 /* main.cpp in Sources */,
			);
			runOnlyForDeploymentPostprocessing = 0;
		};
		B7FBA6251934E28700E018F1 /* Sources */ = {
			isa = PBXSourcesBuildPhase;
			buildActionMask = 2147483647;
			files = (
				B7FBA62C1934E28800E018F1 /* main.cpp in Sources */,
			);
			runOnlyForDeploymentPostprocessing = 0;
		};
		B7FBA6351934E7AC00E018F1 /* Sources */ = {
			isa = PBXSourcesBuildPhase;
			buildActionMask = 2147483647;
			files = (
				B7FBA63C1934E7AC00E018F1 /* main.cpp in Sources */,
			);
			runOnlyForDeploymentPostprocessing = 0;
		};
		B7FBA6451934EBEA00E018F1 /* Sources */ = {
			isa = PBXSourcesBuildPhase;
			buildActionMask = 2147483647;
			files = (
				B7FBA64C1934EBEA00E018F1 /* main.cpp in Sources */,
			);
			runOnlyForDeploymentPostprocessing = 0;
		};
/* End PBXSourcesBuildPhase section */

/* Begin XCBuildConfiguration section */
		B7CA9582190743FC007FDC87 /* Debug */ = {
			isa = XCBuildConfiguration;
			buildSettings = {
				ALWAYS_SEARCH_USER_PATHS = NO;
				CLANG_CXX_LANGUAGE_STANDARD = "gnu++0x";
				CLANG_CXX_LIBRARY = "libc++";
				CLANG_ENABLE_MODULES = YES;
				CLANG_ENABLE_OBJC_ARC = YES;
				CLANG_WARN_BOOL_CONVERSION = YES;
				CLANG_WARN_CONSTANT_CONVERSION = YES;
				CLANG_WARN_DIRECT_OBJC_ISA_USAGE = YES_ERROR;
				CLANG_WARN_EMPTY_BODY = YES;
				CLANG_WARN_ENUM_CONVERSION = YES;
				CLANG_WARN_INT_CONVERSION = YES;
				CLANG_WARN_OBJC_ROOT_CLASS = YES_ERROR;
				CLANG_WARN__DUPLICATE_METHOD_MATCH = YES;
				COPY_PHASE_STRIP = NO;
				GCC_C_LANGUAGE_STANDARD = gnu99;
				GCC_DYNAMIC_NO_PIC = NO;
				GCC_ENABLE_OBJC_EXCEPTIONS = YES;
				GCC_OPTIMIZATION_LEVEL = 0;
				GCC_PREPROCESSOR_DEFINITIONS = (
					"DEBUG=1",
					"$(inherited)",
				);
				GCC_SYMBOLS_PRIVATE_EXTERN = NO;
				GCC_WARN_64_TO_32_BIT_CONVERSION = YES;
				GCC_WARN_ABOUT_RETURN_TYPE = YES_ERROR;
				GCC_WARN_UNDECLARED_SELECTOR = YES;
				GCC_WARN_UNINITIALIZED_AUTOS = YES_AGGRESSIVE;
				GCC_WARN_UNUSED_FUNCTION = YES;
				GCC_WARN_UNUSED_VARIABLE = YES;
				MACOSX_DEPLOYMENT_TARGET = 10.9;
				ONLY_ACTIVE_ARCH = YES;
				SDKROOT = macosx;
			};
			name = Debug;
		};
		B7CA9583190743FC007FDC87 /* Release */ = {
			isa = XCBuildConfiguration;
			buildSettings = {
				ALWAYS_SEARCH_USER_PATHS = NO;
				CLANG_CXX_LANGUAGE_STANDARD = "gnu++0x";
				CLANG_CXX_LIBRARY = "libc++";
				CLANG_ENABLE_MODULES = YES;
				CLANG_ENABLE_OBJC_ARC = YES;
				CLANG_WARN_BOOL_CONVERSION = YES;
				CLANG_WARN_CONSTANT_CONVERSION = YES;
				CLANG_WARN_DIRECT_OBJC_ISA_USAGE = YES_ERROR;
				CLANG_WARN_EMPTY_BODY = YES;
				CLANG_WARN_ENUM_CONVERSION = YES;
				CLANG_WARN_INT_CONVERSION = YES;
				CLANG_WARN_OBJC_ROOT_CLASS = YES_ERROR;
				CLANG_WARN__DUPLICATE_METHOD_MATCH = YES;
				COPY_PHASE_STRIP = YES;
				DEBUG_INFORMATION_FORMAT = "dwarf-with-dsym";
				ENABLE_NS_ASSERTIONS = NO;
				GCC_C_LANGUAGE_STANDARD = gnu99;
				GCC_ENABLE_OBJC_EXCEPTIONS = YES;
				GCC_WARN_64_TO_32_BIT_CONVERSION = YES;
				GCC_WARN_ABOUT_RETURN_TYPE = YES_ERROR;
				GCC_WARN_UNDECLARED_SELECTOR = YES;
				GCC_WARN_UNINITIALIZED_AUTOS = YES_AGGRESSIVE;
				GCC_WARN_UNUSED_FUNCTION = YES;
				GCC_WARN_UNUSED_VARIABLE = YES;
				MACOSX_DEPLOYMENT_TARGET = 10.9;
				SDKROOT = macosx;
			};
			name = Release;
		};
		B7CA9585190743FC007FDC87 /* Debug */ = {
			isa = XCBuildConfiguration;
			buildSettings = {
				HEADER_SEARCH_PATHS = (
					third_party/include,
					/Applications/Xcode.app/Contents/Developer/Toolchains/XcodeDefault.xctoolchain/usr/include,
					"$(inherited)",
				);
				LIBRARY_SEARCH_PATHS = third_party/lib;
				OTHER_LDFLAGS = (
					"-lglfw",
					"-lglew",
				);
				PRODUCT_NAME = "$(TARGET_NAME)";
			};
			name = Debug;
		};
		B7CA9586190743FC007FDC87 /* Release */ = {
			isa = XCBuildConfiguration;
			buildSettings = {
				HEADER_SEARCH_PATHS = (
					third_party/include,
					/Applications/Xcode.app/Contents/Developer/Toolchains/XcodeDefault.xctoolchain/usr/include,
					"$(inherited)",
				);
				LIBRARY_SEARCH_PATHS = third_party/lib;
				OTHER_LDFLAGS = (
					"-lglfw",
					"-lglew",
				);
				PRODUCT_NAME = "$(TARGET_NAME)";
			};
			name = Release;
		};
		B7FBA62F1934E28800E018F1 /* Debug */ = {
			isa = XCBuildConfiguration;
			buildSettings = {
				GCC_PREPROCESSOR_DEFINITIONS = "$(inherited)";
				HEADER_SEARCH_PATHS = (
					"$(inherited)",
					/Applications/Xcode.app/Contents/Developer/Toolchains/XcodeDefault.xctoolchain/usr/include,
					third_party/include,
				);
				LIBRARY_SEARCH_PATHS = third_party/lib;
				OTHER_LDFLAGS = (
					"-lglfw",
					"-lglew",
				);
				PRODUCT_NAME = "$(TARGET_NAME)";
			};
			name = Debug;
		};
		B7FBA6301934E28800E018F1 /* Release */ = {
			isa = XCBuildConfiguration;
			buildSettings = {
				HEADER_SEARCH_PATHS = (
					"$(inherited)",
					/Applications/Xcode.app/Contents/Developer/Toolchains/XcodeDefault.xctoolchain/usr/include,
					third_party/include,
				);
				LIBRARY_SEARCH_PATHS = third_party/lib;
				OTHER_LDFLAGS = (
					"-lglfw",
					"-lglew",
				);
				PRODUCT_NAME = "$(TARGET_NAME)";
			};
			name = Release;
		};
		B7FBA6401934E7AC00E018F1 /* Debug */ = {
			isa = XCBuildConfiguration;
			buildSettings = {
				GCC_PREPROCESSOR_DEFINITIONS = (
					"DEBUG=1",
					"$(inherited)",
				);
				HEADER_SEARCH_PATHS = (
					"$(inherited)",
					/Applications/Xcode.app/Contents/Developer/Toolchains/XcodeDefault.xctoolchain/usr/include,
					third_party/include,
				);
				LIBRARY_SEARCH_PATHS = third_party/lib;
				OTHER_LDFLAGS = (
					"-lglfw",
					"-lglew",
				);
				PRODUCT_NAME = "$(TARGET_NAME)";
			};
			name = Debug;
		};
		B7FBA6411934E7AC00E018F1 /* Release */ = {
			isa = XCBuildConfiguration;
			buildSettings = {
				HEADER_SEARCH_PATHS = (
					"$(inherited)",
					/Applications/Xcode.app/Contents/Developer/Toolchains/XcodeDefault.xctoolchain/usr/include,
					third_party/include,
				);
				LIBRARY_SEARCH_PATHS = third_party/lib;
				OTHER_LDFLAGS = (
					"-lglfw",
					"-lglew",
				);
				PRODUCT_NAME = "$(TARGET_NAME)";
			};
			name = Release;
		};
		B7FBA6501934EBEA00E018F1 /* Debug */ = {
			isa = XCBuildConfiguration;
			buildSettings = {
				GCC_PREPROCESSOR_DEFINITIONS = (
					"DEBUG=1",
					"$(inherited)",
				);
				PRODUCT_NAME = "$(TARGET_NAME)";
			};
			name = Debug;
		};
		B7FBA6511934EBEA00E018F1 /* Release */ = {
			isa = XCBuildConfiguration;
			buildSettings = {
				PRODUCT_NAME = "$(TARGET_NAME)";
			};
			name = Release;
		};
/* End XCBuildConfiguration section */

/* Begin XCConfigurationList section */
		B7CA9576190743FC007FDC87 /* Build configuration list for PBXProject "Rendering2" */ = {
			isa = XCConfigurationList;
			buildConfigurations = (
				B7CA9582190743FC007FDC87 /* Debug */,
				B7CA9583190743FC007FDC87 /* Release */,
			);
			defaultConfigurationIsVisible = 0;
			defaultConfigurationName = Release;
		};
		B7CA9584190743FC007FDC87 /* Build configuration list for PBXNativeTarget "Rendering2" */ = {
			isa = XCConfigurationList;
			buildConfigurations = (
				B7CA9585190743FC007FDC87 /* Debug */,
				B7CA9586190743FC007FDC87 /* Release */,
			);
			defaultConfigurationIsVisible = 0;
			defaultConfigurationName = Release;
		};
		B7FBA6311934E28800E018F1 /* Build configuration list for PBXNativeTarget "Trabalho2" */ = {
			isa = XCConfigurationList;
			buildConfigurations = (
				B7FBA62F1934E28800E018F1 /* Debug */,
				B7FBA6301934E28800E018F1 /* Release */,
			);
			defaultConfigurationIsVisible = 0;
		};
		B7FBA63F1934E7AC00E018F1 /* Build configuration list for PBXNativeTarget "Raytracing" */ = {
			isa = XCConfigurationList;
			buildConfigurations = (
				B7FBA6401934E7AC00E018F1 /* Debug */,
				B7FBA6411934E7AC00E018F1 /* Release */,
			);
			defaultConfigurationIsVisible = 0;
		};
		B7FBA64F1934EBEA00E018F1 /* Build configuration list for PBXNativeTarget "Trabalho1" */ = {
			isa = XCConfigurationList;
			buildConfigurations = (
				B7FBA6501934EBEA00E018F1 /* Debug */,
				B7FBA6511934EBEA00E018F1 /* Release */,
			);
			defaultConfigurationIsVisible = 0;
		};
/* End XCConfigurationList section */
	};
	rootObject = B7CA9573190743FC007FDC87 /* Project object */;
}
