// !$*UTF8*$!
{
	archiveVersion = 1;
	classes = {
	};
	objectVersion = 46;
	objects = {

/* Begin PBXBuildFile section */
		B791EA3B191C1324005A03F7 /* main.cpp in Sources */ = {isa = PBXBuildFile; fileRef = B791EA3A191C1324005A03F7 /* main.cpp */; };
		B791EA3D191C1324005A03F7 /* Tutorials08.1 in CopyFiles */ = {isa = PBXBuildFile; fileRef = B791EA3C191C1324005A03F7 /* Tutorials08.1 */; };
		B791EA41191C133A005A03F7 /* IOKit.framework in Frameworks */ = {isa = PBXBuildFile; fileRef = B7CA958D19074579007FDC87 /* IOKit.framework */; };
		B791EA42191C133D005A03F7 /* OpenGL.framework in Frameworks */ = {isa = PBXBuildFile; fileRef = B7CA958B19074575007FDC87 /* OpenGL.framework */; };
		B791EA43191C1340005A03F7 /* Cocoa.framework in Frameworks */ = {isa = PBXBuildFile; fileRef = B7CA958919074571007FDC87 /* Cocoa.framework */; };
		B7CA957F190743FC007FDC87 /* main.cpp in Sources */ = {isa = PBXBuildFile; fileRef = B7CA957E190743FC007FDC87 /* main.cpp */; };
		B7CA9581190743FC007FDC87 /* Rendering2.1 in CopyFiles */ = {isa = PBXBuildFile; fileRef = B7CA9580190743FC007FDC87 /* Rendering2.1 */; };
		B7CA958A19074571007FDC87 /* Cocoa.framework in Frameworks */ = {isa = PBXBuildFile; fileRef = B7CA958919074571007FDC87 /* Cocoa.framework */; };
		B7CA958C19074575007FDC87 /* OpenGL.framework in Frameworks */ = {isa = PBXBuildFile; fileRef = B7CA958B19074575007FDC87 /* OpenGL.framework */; };
		B7CA958E19074579007FDC87 /* IOKit.framework in Frameworks */ = {isa = PBXBuildFile; fileRef = B7CA958D19074579007FDC87 /* IOKit.framework */; };
/* End PBXBuildFile section */

/* Begin PBXCopyFilesBuildPhase section */
		B791EA36191C1324005A03F7 /* CopyFiles */ = {
			isa = PBXCopyFilesBuildPhase;
			buildActionMask = 2147483647;
			dstPath = /usr/share/man/man1/;
			dstSubfolderSpec = 0;
			files = (
				B791EA3D191C1324005A03F7 /* Tutorials08.1 in CopyFiles */,
			);
			runOnlyForDeploymentPostprocessing = 1;
		};
		B7CA9579190743FC007FDC87 /* CopyFiles */ = {
			isa = PBXCopyFilesBuildPhase;
			buildActionMask = 2147483647;
			dstPath = /usr/share/man/man1/;
			dstSubfolderSpec = 0;
			files = (
				B7CA9581190743FC007FDC87 /* Rendering2.1 in CopyFiles */,
			);
			runOnlyForDeploymentPostprocessing = 1;
		};
/* End PBXCopyFilesBuildPhase section */

/* Begin PBXFileReference section */
		B791EA38191C1324005A03F7 /* Tutorials08 */ = {isa = PBXFileReference; explicitFileType = "compiled.mach-o.executable"; includeInIndex = 0; path = Tutorials08; sourceTree = BUILT_PRODUCTS_DIR; };
		B791EA3A191C1324005A03F7 /* main.cpp */ = {isa = PBXFileReference; lastKnownFileType = sourcecode.cpp.cpp; path = main.cpp; sourceTree = "<group>"; };
		B791EA3C191C1324005A03F7 /* Tutorials08.1 */ = {isa = PBXFileReference; lastKnownFileType = text.man; path = Tutorials08.1; sourceTree = "<group>"; };
		B7CA957B190743FC007FDC87 /* Rendering2 */ = {isa = PBXFileReference; explicitFileType = "compiled.mach-o.executable"; includeInIndex = 0; path = Rendering2; sourceTree = BUILT_PRODUCTS_DIR; };
		B7CA957E190743FC007FDC87 /* main.cpp */ = {isa = PBXFileReference; lastKnownFileType = sourcecode.cpp.cpp; path = main.cpp; sourceTree = "<group>"; };
		B7CA9580190743FC007FDC87 /* Rendering2.1 */ = {isa = PBXFileReference; lastKnownFileType = text.man; path = Rendering2.1; sourceTree = "<group>"; };
		B7CA958919074571007FDC87 /* Cocoa.framework */ = {isa = PBXFileReference; lastKnownFileType = wrapper.framework; name = Cocoa.framework; path = System/Library/Frameworks/Cocoa.framework; sourceTree = SDKROOT; };
		B7CA958B19074575007FDC87 /* OpenGL.framework */ = {isa = PBXFileReference; lastKnownFileType = wrapper.framework; name = OpenGL.framework; path = System/Library/Frameworks/OpenGL.framework; sourceTree = SDKROOT; };
		B7CA958D19074579007FDC87 /* IOKit.framework */ = {isa = PBXFileReference; lastKnownFileType = wrapper.framework; name = IOKit.framework; path = System/Library/Frameworks/IOKit.framework; sourceTree = SDKROOT; };
		B7CA959019076516007FDC87 /* third_party */ = {isa = PBXFileReference; lastKnownFileType = folder; path = third_party; sourceTree = "<group>"; };
/* End PBXFileReference section */

/* Begin PBXFrameworksBuildPhase section */
		B791EA35191C1324005A03F7 /* Frameworks */ = {
			isa = PBXFrameworksBuildPhase;
			buildActionMask = 2147483647;
			files = (
				B791EA41191C133A005A03F7 /* IOKit.framework in Frameworks */,
				B791EA42191C133D005A03F7 /* OpenGL.framework in Frameworks */,
				B791EA43191C1340005A03F7 /* Cocoa.framework in Frameworks */,
			);
			runOnlyForDeploymentPostprocessing = 0;
		};
		B7CA9578190743FC007FDC87 /* Frameworks */ = {
			isa = PBXFrameworksBuildPhase;
			buildActionMask = 2147483647;
			files = (
				B7CA958E19074579007FDC87 /* IOKit.framework in Frameworks */,
				B7CA958C19074575007FDC87 /* OpenGL.framework in Frameworks */,
				B7CA958A19074571007FDC87 /* Cocoa.framework in Frameworks */,
			);
			runOnlyForDeploymentPostprocessing = 0;
		};
/* End PBXFrameworksBuildPhase section */

/* Begin PBXGroup section */
		B791EA39191C1324005A03F7 /* Tutorials08 */ = {
			isa = PBXGroup;
			children = (
				B791EA3A191C1324005A03F7 /* main.cpp */,
				B791EA3C191C1324005A03F7 /* Tutorials08.1 */,
			);
			path = Tutorials08;
			sourceTree = "<group>";
		};
		B7CA9572190743FC007FDC87 = {
			isa = PBXGroup;
			children = (
				B7CA959019076516007FDC87 /* third_party */,
				B7CA958D19074579007FDC87 /* IOKit.framework */,
				B7CA958B19074575007FDC87 /* OpenGL.framework */,
				B7CA958919074571007FDC87 /* Cocoa.framework */,
				B7CA957D190743FC007FDC87 /* Rendering2 */,
				B791EA39191C1324005A03F7 /* Tutorials08 */,
				B7CA957C190743FC007FDC87 /* Products */,
			);
			sourceTree = "<group>";
		};
		B7CA957C190743FC007FDC87 /* Products */ = {
			isa = PBXGroup;
			children = (
				B7CA957B190743FC007FDC87 /* Rendering2 */,
				B791EA38191C1324005A03F7 /* Tutorials08 */,
			);
			name = Products;
			sourceTree = "<group>";
		};
		B7CA957D190743FC007FDC87 /* Rendering2 */ = {
			isa = PBXGroup;
			children = (
				B7CA957E190743FC007FDC87 /* main.cpp */,
				B7CA9580190743FC007FDC87 /* Rendering2.1 */,
			);
			path = Rendering2;
			sourceTree = "<group>";
		};
/* End PBXGroup section */

/* Begin PBXNativeTarget section */
		B791EA37191C1324005A03F7 /* Tutorials08 */ = {
			isa = PBXNativeTarget;
			buildConfigurationList = B791EA40191C1324005A03F7 /* Build configuration list for PBXNativeTarget "Tutorials08" */;
			buildPhases = (
				B791EA34191C1324005A03F7 /* Sources */,
				B791EA35191C1324005A03F7 /* Frameworks */,
				B791EA36191C1324005A03F7 /* CopyFiles */,
			);
			buildRules = (
			);
			dependencies = (
			);
			name = Tutorials08;
			productName = Tutorials08;
			productReference = B791EA38191C1324005A03F7 /* Tutorials08 */;
			productType = "com.apple.product-type.tool";
		};
		B7CA957A190743FC007FDC87 /* Rendering2 */ = {
			isa = PBXNativeTarget;
			buildConfigurationList = B7CA9584190743FC007FDC87 /* Build configuration list for PBXNativeTarget "Rendering2" */;
			buildPhases = (
				B7CA9577190743FC007FDC87 /* Sources */,
				B7CA9578190743FC007FDC87 /* Frameworks */,
				B7CA9579190743FC007FDC87 /* CopyFiles */,
			);
			buildRules = (
			);
			dependencies = (
			);
			name = Rendering2;
			productName = Rendering2;
			productReference = B7CA957B190743FC007FDC87 /* Rendering2 */;
			productType = "com.apple.product-type.tool";
		};
/* End PBXNativeTarget section */

/* Begin PBXProject section */
		B7CA9573190743FC007FDC87 /* Project object */ = {
			isa = PBXProject;
			attributes = {
				LastUpgradeCheck = 0510;
				ORGANIZATIONNAME = "Sasha Nicolas Da Rocha Pinheiro";
			};
			buildConfigurationList = B7CA9576190743FC007FDC87 /* Build configuration list for PBXProject "Rendering2" */;
			compatibilityVersion = "Xcode 3.2";
			developmentRegion = English;
			hasScannedForEncodings = 0;
			knownRegions = (
				en,
			);
			mainGroup = B7CA9572190743FC007FDC87;
			productRefGroup = B7CA957C190743FC007FDC87 /* Products */;
			projectDirPath = "";
			projectRoot = "";
			targets = (
				B7CA957A190743FC007FDC87 /* Rendering2 */,
				B791EA37191C1324005A03F7 /* Tutorials08 */,
			);
		};
/* End PBXProject section */

/* Begin PBXSourcesBuildPhase section */
		B791EA34191C1324005A03F7 /* Sources */ = {
			isa = PBXSourcesBuildPhase;
			buildActionMask = 2147483647;
			files = (
				B791EA3B191C1324005A03F7 /* main.cpp in Sources */,
			);
			runOnlyForDeploymentPostprocessing = 0;
		};
		B7CA9577190743FC007FDC87 /* Sources */ = {
			isa = PBXSourcesBuildPhase;
			buildActionMask = 2147483647;
			files = (
				B7CA957F190743FC007FDC87 /* main.cpp in Sources */,
			);
			runOnlyForDeploymentPostprocessing = 0;
		};
/* End PBXSourcesBuildPhase section */

/* Begin XCBuildConfiguration section */
		B791EA3E191C1324005A03F7 /* Debug */ = {
			isa = XCBuildConfiguration;
			buildSettings = {
				GCC_PREPROCESSOR_DEFINITIONS = (
					"DEBUG=1",
					"$(inherited)",
				);
				HEADER_SEARCH_PATHS = (
					third_party/include,
					"$(inherited)",
					/Applications/Xcode.app/Contents/Developer/Toolchains/XcodeDefault.xctoolchain/usr/include,
				);
				LIBRARY_SEARCH_PATHS = third_party/lib;
				OTHER_LDFLAGS = (
					"-lglfw",
					"-lglew",
				);
				PRODUCT_NAME = "$(TARGET_NAME)";
			};
			name = Debug;
		};
		B791EA3F191C1324005A03F7 /* Release */ = {
			isa = XCBuildConfiguration;
			buildSettings = {
				HEADER_SEARCH_PATHS = (
					third_party/include,
					"$(inherited)",
					/Applications/Xcode.app/Contents/Developer/Toolchains/XcodeDefault.xctoolchain/usr/include,
				);
				LIBRARY_SEARCH_PATHS = third_party/lib;
				OTHER_LDFLAGS = (
					"-lglfw",
					"-lglew",
				);
				PRODUCT_NAME = "$(TARGET_NAME)";
			};
			name = Release;
		};
		B7CA9582190743FC007FDC87 /* Debug */ = {
			isa = XCBuildConfiguration;
			buildSettings = {
				ALWAYS_SEARCH_USER_PATHS = NO;
				CLANG_CXX_LANGUAGE_STANDARD = "gnu++0x";
				CLANG_CXX_LIBRARY = "libc++";
				CLANG_ENABLE_MODULES = YES;
				CLANG_ENABLE_OBJC_ARC = YES;
				CLANG_WARN_BOOL_CONVERSION = YES;
				CLANG_WARN_CONSTANT_CONVERSION = YES;
				CLANG_WARN_DIRECT_OBJC_ISA_USAGE = YES_ERROR;
				CLANG_WARN_EMPTY_BODY = YES;
				CLANG_WARN_ENUM_CONVERSION = YES;
				CLANG_WARN_INT_CONVERSION = YES;
				CLANG_WARN_OBJC_ROOT_CLASS = YES_ERROR;
				CLANG_WARN__DUPLICATE_METHOD_MATCH = YES;
				COPY_PHASE_STRIP = NO;
				GCC_C_LANGUAGE_STANDARD = gnu99;
				GCC_DYNAMIC_NO_PIC = NO;
				GCC_ENABLE_OBJC_EXCEPTIONS = YES;
				GCC_OPTIMIZATION_LEVEL = 0;
				GCC_PREPROCESSOR_DEFINITIONS = (
					"DEBUG=1",
					"$(inherited)",
				);
				GCC_SYMBOLS_PRIVATE_EXTERN = NO;
				GCC_WARN_64_TO_32_BIT_CONVERSION = YES;
				GCC_WARN_ABOUT_RETURN_TYPE = YES_ERROR;
				GCC_WARN_UNDECLARED_SELECTOR = YES;
				GCC_WARN_UNINITIALIZED_AUTOS = YES_AGGRESSIVE;
				GCC_WARN_UNUSED_FUNCTION = YES;
				GCC_WARN_UNUSED_VARIABLE = YES;
				MACOSX_DEPLOYMENT_TARGET = 10.9;
				ONLY_ACTIVE_ARCH = YES;
				SDKROOT = macosx;
			};
			name = Debug;
		};
		B7CA9583190743FC007FDC87 /* Release */ = {
			isa = XCBuildConfiguration;
			buildSettings = {
				ALWAYS_SEARCH_USER_PATHS = NO;
				CLANG_CXX_LANGUAGE_STANDARD = "gnu++0x";
				CLANG_CXX_LIBRARY = "libc++";
				CLANG_ENABLE_MODULES = YES;
				CLANG_ENABLE_OBJC_ARC = YES;
				CLANG_WARN_BOOL_CONVERSION = YES;
				CLANG_WARN_CONSTANT_CONVERSION = YES;
				CLANG_WARN_DIRECT_OBJC_ISA_USAGE = YES_ERROR;
				CLANG_WARN_EMPTY_BODY = YES;
				CLANG_WARN_ENUM_CONVERSION = YES;
				CLANG_WARN_INT_CONVERSION = YES;
				CLANG_WARN_OBJC_ROOT_CLASS = YES_ERROR;
				CLANG_WARN__DUPLICATE_METHOD_MATCH = YES;
				COPY_PHASE_STRIP = YES;
				DEBUG_INFORMATION_FORMAT = "dwarf-with-dsym";
				ENABLE_NS_ASSERTIONS = NO;
				GCC_C_LANGUAGE_STANDARD = gnu99;
				GCC_ENABLE_OBJC_EXCEPTIONS = YES;
				GCC_WARN_64_TO_32_BIT_CONVERSION = YES;
				GCC_WARN_ABOUT_RETURN_TYPE = YES_ERROR;
				GCC_WARN_UNDECLARED_SELECTOR = YES;
				GCC_WARN_UNINITIALIZED_AUTOS = YES_AGGRESSIVE;
				GCC_WARN_UNUSED_FUNCTION = YES;
				GCC_WARN_UNUSED_VARIABLE = YES;
				MACOSX_DEPLOYMENT_TARGET = 10.9;
				SDKROOT = macosx;
			};
			name = Release;
		};
		B7CA9585190743FC007FDC87 /* Debug */ = {
			isa = XCBuildConfiguration;
			buildSettings = {
				HEADER_SEARCH_PATHS = (
					third_party/include,
					/Applications/Xcode.app/Contents/Developer/Toolchains/XcodeDefault.xctoolchain/usr/include,
					"$(inherited)",
				);
				LIBRARY_SEARCH_PATHS = third_party/lib;
				OTHER_LDFLAGS = (
					"-lglfw",
					"-lglew",
				);
				PRODUCT_NAME = "$(TARGET_NAME)";
			};
			name = Debug;
		};
		B7CA9586190743FC007FDC87 /* Release */ = {
			isa = XCBuildConfiguration;
			buildSettings = {
				HEADER_SEARCH_PATHS = (
					third_party/include,
					/Applications/Xcode.app/Contents/Developer/Toolchains/XcodeDefault.xctoolchain/usr/include,
					"$(inherited)",
				);
				LIBRARY_SEARCH_PATHS = third_party/lib;
				OTHER_LDFLAGS = (
					"-lglfw",
					"-lglew",
				);
				PRODUCT_NAME = "$(TARGET_NAME)";
			};
			name = Release;
		};
/* End XCBuildConfiguration section */

/* Begin XCConfigurationList section */
		B791EA40191C1324005A03F7 /* Build configuration list for PBXNativeTarget "Tutorials08" */ = {
			isa = XCConfigurationList;
			buildConfigurations = (
				B791EA3E191C1324005A03F7 /* Debug */,
				B791EA3F191C1324005A03F7 /* Release */,
			);
			defaultConfigurationIsVisible = 0;
			defaultConfigurationName = Release;
		};
		B7CA9576190743FC007FDC87 /* Build configuration list for PBXProject "Rendering2" */ = {
			isa = XCConfigurationList;
			buildConfigurations = (
				B7CA9582190743FC007FDC87 /* Debug */,
				B7CA9583190743FC007FDC87 /* Release */,
			);
			defaultConfigurationIsVisible = 0;
			defaultConfigurationName = Release;
		};
		B7CA9584190743FC007FDC87 /* Build configuration list for PBXNativeTarget "Rendering2" */ = {
			isa = XCConfigurationList;
			buildConfigurations = (
				B7CA9585190743FC007FDC87 /* Debug */,
				B7CA9586190743FC007FDC87 /* Release */,
			);
			defaultConfigurationIsVisible = 0;
			defaultConfigurationName = Release;
		};
/* End XCConfigurationList section */
	};
	rootObject = B7CA9573190743FC007FDC87 /* Project object */;
}
